// !$*UTF8*$!
{
	archiveVersion = 1;
	classes = {
	};
	objectVersion = 55;
	objects = {

/* Begin PBXBuildFile section */
		5AC9EF35DE83FCB256C0FF8A /* Pods_CarReceiver.framework in Frameworks */ = {isa = PBXBuildFile; fileRef = 2208AAF5ECA7E201C4532880 /* Pods_CarReceiver.framework */; };
		5C54E6A7285F5B44003FFCEF /* FirebaseManager.swift in Sources */ = {isa = PBXBuildFile; fileRef = 5C54E6A6285F5B44003FFCEF /* FirebaseManager.swift */; };
		5C54E6AA285F5C4D003FFCEF /* Validator.swift in Sources */ = {isa = PBXBuildFile; fileRef = 5C54E6A9285F5C4D003FFCEF /* Validator.swift */; };
		5C54E6AD285F5DC9003FFCEF /* Errors.swift in Sources */ = {isa = PBXBuildFile; fileRef = 5C54E6AC285F5DC9003FFCEF /* Errors.swift */; };
		5CC59646285F547D0033CAE5 /* GoogleService-Info.plist in Resources */ = {isa = PBXBuildFile; fileRef = 5CC59645285F547D0033CAE5 /* GoogleService-Info.plist */; };
		AC9FBBCC285A7326006AF720 /* LoginViewModel.swift in Sources */ = {isa = PBXBuildFile; fileRef = AC9FBBCB285A7326006AF720 /* LoginViewModel.swift */; };
		AC9FBBDA285BA58C006AF720 /* CustomTextField.swift in Sources */ = {isa = PBXBuildFile; fileRef = AC9FBBD9285BA58C006AF720 /* CustomTextField.swift */; };
		AC9FBBDF285BAE79006AF720 /* Nunito-Bold.ttf in Resources */ = {isa = PBXBuildFile; fileRef = AC9FBBDD285BAE0A006AF720 /* Nunito-Bold.ttf */; };
		AC9FBBE0285BAE7B006AF720 /* Nunito-Regular.ttf in Resources */ = {isa = PBXBuildFile; fileRef = AC9FBBDC285BAE0A006AF720 /* Nunito-Regular.ttf */; };
		AC9FBBE1285BAE7E006AF720 /* Nunito-SemiBold.ttf in Resources */ = {isa = PBXBuildFile; fileRef = AC9FBBDE285BAE0A006AF720 /* Nunito-SemiBold.ttf */; };
		ACCD760E285F9BC400376095 /* RegistrationViewController.swift in Sources */ = {isa = PBXBuildFile; fileRef = ACCD760D285F9BC400376095 /* RegistrationViewController.swift */; };
		ACCD76152860E3D400376095 /* BaseViewController.swift in Sources */ = {isa = PBXBuildFile; fileRef = ACCD76142860E3D400376095 /* BaseViewController.swift */; };
		ACCD76192860EBC300376095 /* BaseView.swift in Sources */ = {isa = PBXBuildFile; fileRef = ACCD76182860EBC300376095 /* BaseView.swift */; };
		ACCD761B2860F05700376095 /* RegistrationView.swift in Sources */ = {isa = PBXBuildFile; fileRef = ACCD761A2860F05600376095 /* RegistrationView.swift */; };
		ACCD761E2860F76F00376095 /* LoginView.swift in Sources */ = {isa = PBXBuildFile; fileRef = ACCD761D2860F76F00376095 /* LoginView.swift */; };
		ACCD76342862560E00376095 /* MainTabBarController.swift in Sources */ = {isa = PBXBuildFile; fileRef = ACCD76332862560E00376095 /* MainTabBarController.swift */; };
		ACCD763D2862579400376095 /* AllActsViewController.swift in Sources */ = {isa = PBXBuildFile; fileRef = ACCD763C2862579400376095 /* AllActsViewController.swift */; };
		ACCD763F286257A000376095 /* AllActsView.swift in Sources */ = {isa = PBXBuildFile; fileRef = ACCD763E286257A000376095 /* AllActsView.swift */; };
		ACCD7643286257BA00376095 /* FavoriteActsViewController.swift in Sources */ = {isa = PBXBuildFile; fileRef = ACCD7642286257BA00376095 /* FavoriteActsViewController.swift */; };
		ACCD7645286257C100376095 /* FavoriteActsView.swift in Sources */ = {isa = PBXBuildFile; fileRef = ACCD7644286257C100376095 /* FavoriteActsView.swift */; };
		ACCD7649286257D500376095 /* CustomerDataViewController.swift in Sources */ = {isa = PBXBuildFile; fileRef = ACCD7648286257D500376095 /* CustomerDataViewController.swift */; };
		ACCD764B286257DE00376095 /* CustomerDataView.swift in Sources */ = {isa = PBXBuildFile; fileRef = ACCD764A286257DE00376095 /* CustomerDataView.swift */; };
		ACCD764F286257F100376095 /* DetailActViewController.swift in Sources */ = {isa = PBXBuildFile; fileRef = ACCD764E286257F100376095 /* DetailActViewController.swift */; };
		ACCD7651286257F600376095 /* DetailActView.swift in Sources */ = {isa = PBXBuildFile; fileRef = ACCD7650286257F600376095 /* DetailActView.swift */; };
		ACCD76552862580D00376095 /* SettingsViewController.swift in Sources */ = {isa = PBXBuildFile; fileRef = ACCD76542862580D00376095 /* SettingsViewController.swift */; };
		ACCD76572862581300376095 /* SettingsView.swift in Sources */ = {isa = PBXBuildFile; fileRef = ACCD76562862581300376095 /* SettingsView.swift */; };
		ACCD765C28625F5700376095 /* ResetPasswordViewController.swift in Sources */ = {isa = PBXBuildFile; fileRef = ACCD765B28625F5700376095 /* ResetPasswordViewController.swift */; };
		ACCD765E28625F5D00376095 /* ResetPasswordView.swift in Sources */ = {isa = PBXBuildFile; fileRef = ACCD765D28625F5D00376095 /* ResetPasswordView.swift */; };
		ACCD767D286A3D0E00376095 /* CustomTransitionsAnimates.swift in Sources */ = {isa = PBXBuildFile; fileRef = ACCD767C286A3D0E00376095 /* CustomTransitionsAnimates.swift */; };
		ACCD767F286A3D5600376095 /* CustomTransitionsDelegate.swift in Sources */ = {isa = PBXBuildFile; fileRef = ACCD767E286A3D5600376095 /* CustomTransitionsDelegate.swift */; };
		ACCD76EF287196DF00376095 /* CarInformationViewController.swift in Sources */ = {isa = PBXBuildFile; fileRef = ACCD76EE287196DF00376095 /* CarInformationViewController.swift */; };
		ACCD76F1287196E500376095 /* CarInformationView.swift in Sources */ = {isa = PBXBuildFile; fileRef = ACCD76F0287196E500376095 /* CarInformationView.swift */; };
		ACCD76F628719C5600376095 /* VisualInspectionCarViewController.swift in Sources */ = {isa = PBXBuildFile; fileRef = ACCD76F528719C5600376095 /* VisualInspectionCarViewController.swift */; };
		ACCD76F828719C5F00376095 /* VisualInspectionCarView.swift in Sources */ = {isa = PBXBuildFile; fileRef = ACCD76F728719C5F00376095 /* VisualInspectionCarView.swift */; };
		ACCD76FD28719CA600376095 /* DetailVisualInspectionCarViewController.swift in Sources */ = {isa = PBXBuildFile; fileRef = ACCD76FC28719CA600376095 /* DetailVisualInspectionCarViewController.swift */; };
		ACCD76FF28719CAC00376095 /* DetailVisualInspectionCarView.swift in Sources */ = {isa = PBXBuildFile; fileRef = ACCD76FE28719CAC00376095 /* DetailVisualInspectionCarView.swift */; };
		ACCD770428719D0A00376095 /* InternalInspectionCarViewController.swift in Sources */ = {isa = PBXBuildFile; fileRef = ACCD770328719D0A00376095 /* InternalInspectionCarViewController.swift */; };
		ACCD770628719D0F00376095 /* InternalInspectionCarView.swift in Sources */ = {isa = PBXBuildFile; fileRef = ACCD770528719D0F00376095 /* InternalInspectionCarView.swift */; };
		ACCD770B28719D4400376095 /* FinishNewActViewController.swift in Sources */ = {isa = PBXBuildFile; fileRef = ACCD770A28719D4400376095 /* FinishNewActViewController.swift */; };
		ACCD770D28719D4B00376095 /* FinishNewActView.swift in Sources */ = {isa = PBXBuildFile; fileRef = ACCD770C28719D4B00376095 /* FinishNewActView.swift */; };
		ACCD77112871A71200376095 /* NextStepButton.swift in Sources */ = {isa = PBXBuildFile; fileRef = ACCD77102871A71200376095 /* NextStepButton.swift */; };
		ACCD77132871B55300376095 /* CustomTextLabel.swift in Sources */ = {isa = PBXBuildFile; fileRef = ACCD77122871B55300376095 /* CustomTextLabel.swift */; };
		ACCD7716287210DC00376095 /* UINavigationController+Extension.swift in Sources */ = {isa = PBXBuildFile; fileRef = ACCD7715287210DC00376095 /* UINavigationController+Extension.swift */; };
		ACCD7718287215F300376095 /* AppContainer.swift in Sources */ = {isa = PBXBuildFile; fileRef = ACCD7717287215F300376095 /* AppContainer.swift */; };
		ACCD771B2872166B00376095 /* Swinject in Frameworks */ = {isa = PBXBuildFile; productRef = ACCD771A2872166B00376095 /* Swinject */; };
		ACCD771E287218B500376095 /* SwinjectAutoregistration in Frameworks */ = {isa = PBXBuildFile; productRef = ACCD771D287218B500376095 /* SwinjectAutoregistration */; };
		ACE9532D28591C210069C031 /* AppDelegate.swift in Sources */ = {isa = PBXBuildFile; fileRef = ACE9532C28591C210069C031 /* AppDelegate.swift */; };
		ACE9532F28591C210069C031 /* SceneDelegate.swift in Sources */ = {isa = PBXBuildFile; fileRef = ACE9532E28591C210069C031 /* SceneDelegate.swift */; };
		ACE9533128591C210069C031 /* LoginViewController.swift in Sources */ = {isa = PBXBuildFile; fileRef = ACE9533028591C210069C031 /* LoginViewController.swift */; };
		ACE9533628591C230069C031 /* Assets.xcassets in Resources */ = {isa = PBXBuildFile; fileRef = ACE9533528591C230069C031 /* Assets.xcassets */; };
		ACE9533928591C230069C031 /* LaunchScreen.storyboard in Resources */ = {isa = PBXBuildFile; fileRef = ACE9533728591C230069C031 /* LaunchScreen.storyboard */; };
		ACE95346285924920069C031 /* RxCocoa in Frameworks */ = {isa = PBXBuildFile; productRef = ACE95345285924920069C031 /* RxCocoa */; };
		ACE95348285924920069C031 /* RxSwift in Frameworks */ = {isa = PBXBuildFile; productRef = ACE95347285924920069C031 /* RxSwift */; };
		ACE9534B285924AD0069C031 /* SnapKit in Frameworks */ = {isa = PBXBuildFile; productRef = ACE9534A285924AD0069C031 /* SnapKit */; };
		ACE9534E285925070069C031 /* Then in Frameworks */ = {isa = PBXBuildFile; productRef = ACE9534D285925070069C031 /* Then */; };
		ACE953602859333A0069C031 /* R.generated.swift in Sources */ = {isa = PBXBuildFile; fileRef = ACE9535F2859333A0069C031 /* R.generated.swift */; };
/* End PBXBuildFile section */

/* Begin PBXFileReference section */
		2208AAF5ECA7E201C4532880 /* Pods_CarReceiver.framework */ = {isa = PBXFileReference; explicitFileType = wrapper.framework; includeInIndex = 0; path = Pods_CarReceiver.framework; sourceTree = BUILT_PRODUCTS_DIR; };
		37E758E1AFD4F7F8A164197B /* Pods-CarReceiver.release.xcconfig */ = {isa = PBXFileReference; includeInIndex = 1; lastKnownFileType = text.xcconfig; name = "Pods-CarReceiver.release.xcconfig"; path = "Target Support Files/Pods-CarReceiver/Pods-CarReceiver.release.xcconfig"; sourceTree = "<group>"; };
		5C54E6A6285F5B44003FFCEF /* FirebaseManager.swift */ = {isa = PBXFileReference; lastKnownFileType = sourcecode.swift; path = FirebaseManager.swift; sourceTree = "<group>"; };
		5C54E6A9285F5C4D003FFCEF /* Validator.swift */ = {isa = PBXFileReference; lastKnownFileType = sourcecode.swift; path = Validator.swift; sourceTree = "<group>"; };
		5C54E6AC285F5DC9003FFCEF /* Errors.swift */ = {isa = PBXFileReference; lastKnownFileType = sourcecode.swift; path = Errors.swift; sourceTree = "<group>"; };
		5CC59645285F547D0033CAE5 /* GoogleService-Info.plist */ = {isa = PBXFileReference; fileEncoding = 4; lastKnownFileType = text.plist.xml; path = "GoogleService-Info.plist"; sourceTree = "<group>"; };
		7F9FB5ECD1D8248C5D1A2A55 /* Pods-CarReceiver.debug.xcconfig */ = {isa = PBXFileReference; includeInIndex = 1; lastKnownFileType = text.xcconfig; name = "Pods-CarReceiver.debug.xcconfig"; path = "Target Support Files/Pods-CarReceiver/Pods-CarReceiver.debug.xcconfig"; sourceTree = "<group>"; };
		AC9FBBCB285A7326006AF720 /* LoginViewModel.swift */ = {isa = PBXFileReference; lastKnownFileType = sourcecode.swift; path = LoginViewModel.swift; sourceTree = "<group>"; };
		AC9FBBD9285BA58C006AF720 /* CustomTextField.swift */ = {isa = PBXFileReference; lastKnownFileType = sourcecode.swift; path = CustomTextField.swift; sourceTree = "<group>"; };
		AC9FBBDC285BAE0A006AF720 /* Nunito-Regular.ttf */ = {isa = PBXFileReference; lastKnownFileType = file; path = "Nunito-Regular.ttf"; sourceTree = "<group>"; };
		AC9FBBDD285BAE0A006AF720 /* Nunito-Bold.ttf */ = {isa = PBXFileReference; lastKnownFileType = file; path = "Nunito-Bold.ttf"; sourceTree = "<group>"; };
		AC9FBBDE285BAE0A006AF720 /* Nunito-SemiBold.ttf */ = {isa = PBXFileReference; lastKnownFileType = file; path = "Nunito-SemiBold.ttf"; sourceTree = "<group>"; };
		ACCD760D285F9BC400376095 /* RegistrationViewController.swift */ = {isa = PBXFileReference; lastKnownFileType = sourcecode.swift; path = RegistrationViewController.swift; sourceTree = "<group>"; };
		ACCD76142860E3D400376095 /* BaseViewController.swift */ = {isa = PBXFileReference; lastKnownFileType = sourcecode.swift; path = BaseViewController.swift; sourceTree = "<group>"; };
		ACCD76182860EBC300376095 /* BaseView.swift */ = {isa = PBXFileReference; lastKnownFileType = sourcecode.swift; path = BaseView.swift; sourceTree = "<group>"; };
		ACCD761A2860F05600376095 /* RegistrationView.swift */ = {isa = PBXFileReference; lastKnownFileType = sourcecode.swift; path = RegistrationView.swift; sourceTree = "<group>"; };
		ACCD761D2860F76F00376095 /* LoginView.swift */ = {isa = PBXFileReference; lastKnownFileType = sourcecode.swift; path = LoginView.swift; sourceTree = "<group>"; };
		ACCD76332862560E00376095 /* MainTabBarController.swift */ = {isa = PBXFileReference; lastKnownFileType = sourcecode.swift; path = MainTabBarController.swift; sourceTree = "<group>"; };
		ACCD763C2862579400376095 /* AllActsViewController.swift */ = {isa = PBXFileReference; lastKnownFileType = sourcecode.swift; path = AllActsViewController.swift; sourceTree = "<group>"; };
		ACCD763E286257A000376095 /* AllActsView.swift */ = {isa = PBXFileReference; lastKnownFileType = sourcecode.swift; path = AllActsView.swift; sourceTree = "<group>"; };
		ACCD7642286257BA00376095 /* FavoriteActsViewController.swift */ = {isa = PBXFileReference; lastKnownFileType = sourcecode.swift; path = FavoriteActsViewController.swift; sourceTree = "<group>"; };
		ACCD7644286257C100376095 /* FavoriteActsView.swift */ = {isa = PBXFileReference; lastKnownFileType = sourcecode.swift; path = FavoriteActsView.swift; sourceTree = "<group>"; };
		ACCD7648286257D500376095 /* CustomerDataViewController.swift */ = {isa = PBXFileReference; lastKnownFileType = sourcecode.swift; path = CustomerDataViewController.swift; sourceTree = "<group>"; };
		ACCD764A286257DE00376095 /* CustomerDataView.swift */ = {isa = PBXFileReference; lastKnownFileType = sourcecode.swift; path = CustomerDataView.swift; sourceTree = "<group>"; };
		ACCD764E286257F100376095 /* DetailActViewController.swift */ = {isa = PBXFileReference; lastKnownFileType = sourcecode.swift; path = DetailActViewController.swift; sourceTree = "<group>"; };
		ACCD7650286257F600376095 /* DetailActView.swift */ = {isa = PBXFileReference; lastKnownFileType = sourcecode.swift; path = DetailActView.swift; sourceTree = "<group>"; };
		ACCD76542862580D00376095 /* SettingsViewController.swift */ = {isa = PBXFileReference; lastKnownFileType = sourcecode.swift; path = SettingsViewController.swift; sourceTree = "<group>"; };
		ACCD76562862581300376095 /* SettingsView.swift */ = {isa = PBXFileReference; lastKnownFileType = sourcecode.swift; path = SettingsView.swift; sourceTree = "<group>"; };
		ACCD765B28625F5700376095 /* ResetPasswordViewController.swift */ = {isa = PBXFileReference; lastKnownFileType = sourcecode.swift; path = ResetPasswordViewController.swift; sourceTree = "<group>"; };
		ACCD765D28625F5D00376095 /* ResetPasswordView.swift */ = {isa = PBXFileReference; lastKnownFileType = sourcecode.swift; path = ResetPasswordView.swift; sourceTree = "<group>"; };
		ACCD767C286A3D0E00376095 /* CustomTransitionsAnimates.swift */ = {isa = PBXFileReference; lastKnownFileType = sourcecode.swift; path = CustomTransitionsAnimates.swift; sourceTree = "<group>"; };
		ACCD767E286A3D5600376095 /* CustomTransitionsDelegate.swift */ = {isa = PBXFileReference; lastKnownFileType = sourcecode.swift; path = CustomTransitionsDelegate.swift; sourceTree = "<group>"; };
		ACCD76EE287196DF00376095 /* CarInformationViewController.swift */ = {isa = PBXFileReference; lastKnownFileType = sourcecode.swift; path = CarInformationViewController.swift; sourceTree = "<group>"; };
		ACCD76F0287196E500376095 /* CarInformationView.swift */ = {isa = PBXFileReference; lastKnownFileType = sourcecode.swift; path = CarInformationView.swift; sourceTree = "<group>"; };
		ACCD76F528719C5600376095 /* VisualInspectionCarViewController.swift */ = {isa = PBXFileReference; lastKnownFileType = sourcecode.swift; path = VisualInspectionCarViewController.swift; sourceTree = "<group>"; };
		ACCD76F728719C5F00376095 /* VisualInspectionCarView.swift */ = {isa = PBXFileReference; lastKnownFileType = sourcecode.swift; path = VisualInspectionCarView.swift; sourceTree = "<group>"; };
		ACCD76FC28719CA600376095 /* DetailVisualInspectionCarViewController.swift */ = {isa = PBXFileReference; lastKnownFileType = sourcecode.swift; path = DetailVisualInspectionCarViewController.swift; sourceTree = "<group>"; };
		ACCD76FE28719CAC00376095 /* DetailVisualInspectionCarView.swift */ = {isa = PBXFileReference; lastKnownFileType = sourcecode.swift; path = DetailVisualInspectionCarView.swift; sourceTree = "<group>"; };
		ACCD770328719D0A00376095 /* InternalInspectionCarViewController.swift */ = {isa = PBXFileReference; lastKnownFileType = sourcecode.swift; path = InternalInspectionCarViewController.swift; sourceTree = "<group>"; };
		ACCD770528719D0F00376095 /* InternalInspectionCarView.swift */ = {isa = PBXFileReference; lastKnownFileType = sourcecode.swift; path = InternalInspectionCarView.swift; sourceTree = "<group>"; };
		ACCD770A28719D4400376095 /* FinishNewActViewController.swift */ = {isa = PBXFileReference; lastKnownFileType = sourcecode.swift; path = FinishNewActViewController.swift; sourceTree = "<group>"; };
		ACCD770C28719D4B00376095 /* FinishNewActView.swift */ = {isa = PBXFileReference; lastKnownFileType = sourcecode.swift; path = FinishNewActView.swift; sourceTree = "<group>"; };
		ACCD77102871A71200376095 /* NextStepButton.swift */ = {isa = PBXFileReference; lastKnownFileType = sourcecode.swift; path = NextStepButton.swift; sourceTree = "<group>"; };
		ACCD77122871B55300376095 /* CustomTextLabel.swift */ = {isa = PBXFileReference; lastKnownFileType = sourcecode.swift; path = CustomTextLabel.swift; sourceTree = "<group>"; };
		ACCD7715287210DC00376095 /* UINavigationController+Extension.swift */ = {isa = PBXFileReference; lastKnownFileType = sourcecode.swift; path = "UINavigationController+Extension.swift"; sourceTree = "<group>"; };
		ACCD7717287215F300376095 /* AppContainer.swift */ = {isa = PBXFileReference; lastKnownFileType = sourcecode.swift; path = AppContainer.swift; sourceTree = "<group>"; };
		ACE9532928591C210069C031 /* CarReceiver.app */ = {isa = PBXFileReference; explicitFileType = wrapper.application; includeInIndex = 0; path = CarReceiver.app; sourceTree = BUILT_PRODUCTS_DIR; };
		ACE9532C28591C210069C031 /* AppDelegate.swift */ = {isa = PBXFileReference; lastKnownFileType = sourcecode.swift; path = AppDelegate.swift; sourceTree = "<group>"; };
		ACE9532E28591C210069C031 /* SceneDelegate.swift */ = {isa = PBXFileReference; lastKnownFileType = sourcecode.swift; path = SceneDelegate.swift; sourceTree = "<group>"; };
		ACE9533028591C210069C031 /* LoginViewController.swift */ = {isa = PBXFileReference; lastKnownFileType = sourcecode.swift; path = LoginViewController.swift; sourceTree = "<group>"; };
		ACE9533528591C230069C031 /* Assets.xcassets */ = {isa = PBXFileReference; lastKnownFileType = folder.assetcatalog; path = Assets.xcassets; sourceTree = "<group>"; };
		ACE9533828591C230069C031 /* Base */ = {isa = PBXFileReference; lastKnownFileType = file.storyboard; name = Base; path = Base.lproj/LaunchScreen.storyboard; sourceTree = "<group>"; };
		ACE9533A28591C230069C031 /* Info.plist */ = {isa = PBXFileReference; lastKnownFileType = text.plist.xml; path = Info.plist; sourceTree = "<group>"; };
		ACE9535F2859333A0069C031 /* R.generated.swift */ = {isa = PBXFileReference; fileEncoding = 4; lastKnownFileType = sourcecode.swift; path = R.generated.swift; sourceTree = "<group>"; };
/* End PBXFileReference section */

/* Begin PBXFrameworksBuildPhase section */
		ACE9532628591C210069C031 /* Frameworks */ = {
			isa = PBXFrameworksBuildPhase;
			buildActionMask = 2147483647;
			files = (
				ACCD771E287218B500376095 /* SwinjectAutoregistration in Frameworks */,
				ACE9534B285924AD0069C031 /* SnapKit in Frameworks */,
				ACE95348285924920069C031 /* RxSwift in Frameworks */,
				ACE95346285924920069C031 /* RxCocoa in Frameworks */,
				ACE9534E285925070069C031 /* Then in Frameworks */,
				5AC9EF35DE83FCB256C0FF8A /* Pods_CarReceiver.framework in Frameworks */,
				ACCD771B2872166B00376095 /* Swinject in Frameworks */,
			);
			runOnlyForDeploymentPostprocessing = 0;
		};
/* End PBXFrameworksBuildPhase section */

/* Begin PBXGroup section */
		38A3508D676F0E826A3A99A8 /* Pods */ = {
			isa = PBXGroup;
			children = (
				7F9FB5ECD1D8248C5D1A2A55 /* Pods-CarReceiver.debug.xcconfig */,
				37E758E1AFD4F7F8A164197B /* Pods-CarReceiver.release.xcconfig */,
			);
			path = Pods;
			sourceTree = "<group>";
		};
		5C54E6A8285F5C3C003FFCEF /* Services */ = {
			isa = PBXGroup;
			children = (
				5C54E6A6285F5B44003FFCEF /* FirebaseManager.swift */,
			);
			path = Services;
			sourceTree = "<group>";
		};
		5C54E6AB285F5C50003FFCEF /* Helpers */ = {
			isa = PBXGroup;
			children = (
				5C54E6A9285F5C4D003FFCEF /* Validator.swift */,
				5C54E6AC285F5DC9003FFCEF /* Errors.swift */,
			);
			path = Helpers;
			sourceTree = "<group>";
		};
		773A39BD963F2847599A144C /* Frameworks */ = {
			isa = PBXGroup;
			children = (
				2208AAF5ECA7E201C4532880 /* Pods_CarReceiver.framework */,
			);
			name = Frameworks;
			sourceTree = "<group>";
		};
		AC61E7AF2874C2AF00C0F15F /* Network */ = {
			isa = PBXGroup;
			children = (
				5C54E6A8285F5C3C003FFCEF /* Services */,
				5C54E6AB285F5C50003FFCEF /* Helpers */,
			);
			path = Network;
			sourceTree = "<group>";
		};
		AC61E7B02874C5C800C0F15F /* LaunchScreen */ = {
			isa = PBXGroup;
			children = (
				ACE9533728591C230069C031 /* LaunchScreen.storyboard */,
			);
			path = LaunchScreen;
			sourceTree = "<group>";
		};
		AC61E7B12874C5D700C0F15F /* Settings */ = {
			isa = PBXGroup;
			children = (
				5CC59645285F547D0033CAE5 /* GoogleService-Info.plist */,
				ACE9533A28591C230069C031 /* Info.plist */,
			);
			path = Settings;
			sourceTree = "<group>";
		};
		AC9FBBCD285A7330006AF720 /* Login */ = {
			isa = PBXGroup;
			children = (
				ACE9533028591C210069C031 /* LoginViewController.swift */,
				ACCD761D2860F76F00376095 /* LoginView.swift */,
				AC9FBBCB285A7326006AF720 /* LoginViewModel.swift */,
			);
			path = Login;
			sourceTree = "<group>";
		};
		AC9FBBD8285BA579006AF720 /* UIElements */ = {
			isa = PBXGroup;
			children = (
				AC9FBBD9285BA58C006AF720 /* CustomTextField.swift */,
				ACCD77122871B55300376095 /* CustomTextLabel.swift */,
				ACCD77102871A71200376095 /* NextStepButton.swift */,
				ACCD767C286A3D0E00376095 /* CustomTransitionsAnimates.swift */,
				ACCD767E286A3D5600376095 /* CustomTransitionsDelegate.swift */,
			);
			path = UIElements;
			sourceTree = "<group>";
		};
		AC9FBBDB285BADB2006AF720 /* Font */ = {
			isa = PBXGroup;
			children = (
				AC9FBBDD285BAE0A006AF720 /* Nunito-Bold.ttf */,
				AC9FBBDC285BAE0A006AF720 /* Nunito-Regular.ttf */,
				AC9FBBDE285BAE0A006AF720 /* Nunito-SemiBold.ttf */,
			);
			path = Font;
			sourceTree = "<group>";
		};
		ACCD760C285F9BA600376095 /* Registration */ = {
			isa = PBXGroup;
			children = (
				ACCD760D285F9BC400376095 /* RegistrationViewController.swift */,
				ACCD761A2860F05600376095 /* RegistrationView.swift */,
			);
			path = Registration;
			sourceTree = "<group>";
		};
		ACCD76132860E3C400376095 /* Base */ = {
			isa = PBXGroup;
			children = (
				ACCD76142860E3D400376095 /* BaseViewController.swift */,
				ACCD76182860EBC300376095 /* BaseView.swift */,
			);
			path = Base;
			sourceTree = "<group>";
		};
		ACCD7632286255D400376095 /* MainTabBar */ = {
			isa = PBXGroup;
			children = (
				ACCD76332862560E00376095 /* MainTabBarController.swift */,
			);
			path = MainTabBar;
			sourceTree = "<group>";
		};
		ACCD7637286256FF00376095 /* AllActs */ = {
			isa = PBXGroup;
			children = (
				ACCD763C2862579400376095 /* AllActsViewController.swift */,
				ACCD763E286257A000376095 /* AllActsView.swift */,
			);
			path = AllActs;
			sourceTree = "<group>";
		};
		ACCD76382862570D00376095 /* FavoriteActs */ = {
			isa = PBXGroup;
			children = (
				ACCD7642286257BA00376095 /* FavoriteActsViewController.swift */,
				ACCD7644286257C100376095 /* FavoriteActsView.swift */,
			);
			path = FavoriteActs;
			sourceTree = "<group>";
		};
		ACCD76392862573800376095 /* Settings */ = {
			isa = PBXGroup;
			children = (
				ACCD76542862580D00376095 /* SettingsViewController.swift */,
				ACCD76562862581300376095 /* SettingsView.swift */,
			);
			path = Settings;
			sourceTree = "<group>";
		};
		ACCD763A2862574800376095 /* DetailAct */ = {
			isa = PBXGroup;
			children = (
				ACCD764E286257F100376095 /* DetailActViewController.swift */,
				ACCD7650286257F600376095 /* DetailActView.swift */,
			);
			path = DetailAct;
			sourceTree = "<group>";
		};
		ACCD763B2862577500376095 /* CreateNewActFlow */ = {
			isa = PBXGroup;
			children = (
				ACCD76EC2871968400376095 /* CustomerData */,
				ACCD76ED287196AF00376095 /* СarInformation */,
				ACCD76F428719C2300376095 /* VisualInspectionCar */,
				ACCD76FB28719C8700376095 /* DetailVisualInspectionCar */,
				ACCD770228719CCD00376095 /* InternalInspectionCar */,
				ACCD770928719D2F00376095 /* FinishNewAct */,
			);
			path = CreateNewActFlow;
			sourceTree = "<group>";
		};
		ACCD765A28625F4200376095 /* ResetPassword */ = {
			isa = PBXGroup;
			children = (
				ACCD765B28625F5700376095 /* ResetPasswordViewController.swift */,
				ACCD765D28625F5D00376095 /* ResetPasswordView.swift */,
			);
			path = ResetPassword;
			sourceTree = "<group>";
		};
		ACCD76EC2871968400376095 /* CustomerData */ = {
			isa = PBXGroup;
			children = (
				ACCD7648286257D500376095 /* CustomerDataViewController.swift */,
				ACCD764A286257DE00376095 /* CustomerDataView.swift */,
			);
			path = CustomerData;
			sourceTree = "<group>";
		};
		ACCD76ED287196AF00376095 /* СarInformation */ = {
			isa = PBXGroup;
			children = (
				ACCD76EE287196DF00376095 /* CarInformationViewController.swift */,
				ACCD76F0287196E500376095 /* CarInformationView.swift */,
			);
			path = "СarInformation";
			sourceTree = "<group>";
		};
		ACCD76F428719C2300376095 /* VisualInspectionCar */ = {
			isa = PBXGroup;
			children = (
				ACCD76F528719C5600376095 /* VisualInspectionCarViewController.swift */,
				ACCD76F728719C5F00376095 /* VisualInspectionCarView.swift */,
			);
			path = VisualInspectionCar;
			sourceTree = "<group>";
		};
		ACCD76FB28719C8700376095 /* DetailVisualInspectionCar */ = {
			isa = PBXGroup;
			children = (
				ACCD76FC28719CA600376095 /* DetailVisualInspectionCarViewController.swift */,
				ACCD76FE28719CAC00376095 /* DetailVisualInspectionCarView.swift */,
			);
			path = DetailVisualInspectionCar;
			sourceTree = "<group>";
		};
		ACCD770228719CCD00376095 /* InternalInspectionCar */ = {
			isa = PBXGroup;
			children = (
				ACCD770328719D0A00376095 /* InternalInspectionCarViewController.swift */,
				ACCD770528719D0F00376095 /* InternalInspectionCarView.swift */,
			);
			path = InternalInspectionCar;
			sourceTree = "<group>";
		};
		ACCD770928719D2F00376095 /* FinishNewAct */ = {
			isa = PBXGroup;
			children = (
				ACCD770A28719D4400376095 /* FinishNewActViewController.swift */,
				ACCD770C28719D4B00376095 /* FinishNewActView.swift */,
			);
			path = FinishNewAct;
			sourceTree = "<group>";
		};
		ACCD7714287210C000376095 /* Extensions */ = {
			isa = PBXGroup;
			children = (
				ACCD7715287210DC00376095 /* UINavigationController+Extension.swift */,
			);
			path = Extensions;
			sourceTree = "<group>";
		};
		ACE9532028591C210069C031 = {
			isa = PBXGroup;
			children = (
				ACE9532B28591C210069C031 /* CarReceiver */,
				ACE9532A28591C210069C031 /* Products */,
				38A3508D676F0E826A3A99A8 /* Pods */,
				773A39BD963F2847599A144C /* Frameworks */,
			);
			sourceTree = "<group>";
		};
		ACE9532A28591C210069C031 /* Products */ = {
			isa = PBXGroup;
			children = (
				ACE9532928591C210069C031 /* CarReceiver.app */,
			);
			name = Products;
			sourceTree = "<group>";
		};
		ACE9532B28591C210069C031 /* CarReceiver */ = {
			isa = PBXGroup;
			children = (
				ACE9534228591EE20069C031 /* App */,
				AC61E7AF2874C2AF00C0F15F /* Network */,
				ACE9534328591EE80069C031 /* Scenes */,
				ACE953612859A08D0069C031 /* Base+Extensions */,
				ACE9534128591EC90069C031 /* Resources */,
			);
			path = CarReceiver;
			sourceTree = "<group>";
		};
		ACE9534128591EC90069C031 /* Resources */ = {
			isa = PBXGroup;
			children = (
				AC9FBBDB285BADB2006AF720 /* Font */,
				ACE9535C285933030069C031 /* Generated */,
				ACE9533528591C230069C031 /* Assets.xcassets */,
			);
			path = Resources;
			sourceTree = "<group>";
		};
		ACE9534228591EE20069C031 /* App */ = {
			isa = PBXGroup;
			children = (
				ACCD7717287215F300376095 /* AppContainer.swift */,
				ACE9532C28591C210069C031 /* AppDelegate.swift */,
				ACE9532E28591C210069C031 /* SceneDelegate.swift */,
				AC61E7B12874C5D700C0F15F /* Settings */,
			);
			path = App;
			sourceTree = "<group>";
		};
		ACE9534328591EE80069C031 /* Scenes */ = {
			isa = PBXGroup;
			children = (
				AC61E7B02874C5C800C0F15F /* LaunchScreen */,
				AC9FBBCD285A7330006AF720 /* Login */,
				ACCD760C285F9BA600376095 /* Registration */,
				ACCD765A28625F4200376095 /* ResetPassword */,
				ACCD7632286255D400376095 /* MainTabBar */,
				ACCD7637286256FF00376095 /* AllActs */,
				ACCD76382862570D00376095 /* FavoriteActs */,
				ACCD763B2862577500376095 /* CreateNewActFlow */,
				ACCD763A2862574800376095 /* DetailAct */,
				ACCD76392862573800376095 /* Settings */,
			);
			path = Scenes;
			sourceTree = "<group>";
		};
		ACE9535C285933030069C031 /* Generated */ = {
			isa = PBXGroup;
			children = (
				ACE9535F2859333A0069C031 /* R.generated.swift */,
			);
			path = Generated;
			sourceTree = "<group>";
		};
		ACE953612859A08D0069C031 /* Base+Extensions */ = {
			isa = PBXGroup;
			children = (
				ACCD7714287210C000376095 /* Extensions */,
				ACCD76132860E3C400376095 /* Base */,
				AC9FBBD8285BA579006AF720 /* UIElements */,
			);
			path = "Base+Extensions";
			sourceTree = "<group>";
		};
/* End PBXGroup section */

/* Begin PBXNativeTarget section */
		ACE9532828591C210069C031 /* CarReceiver */ = {
			isa = PBXNativeTarget;
			buildConfigurationList = ACE9533D28591C230069C031 /* Build configuration list for PBXNativeTarget "CarReceiver" */;
			buildPhases = (
				914BE0BC59CC977BF9DA825E /* [CP] Check Pods Manifest.lock */,
				ACE9535B285930AD0069C031 /* R.Swift */,
				ACE9532528591C210069C031 /* Sources */,
				ACE9532628591C210069C031 /* Frameworks */,
				ACE9532728591C210069C031 /* Resources */,
				539C6BF5E66582A3D72D67C7 /* [CP] Embed Pods Frameworks */,
			);
			buildRules = (
			);
			dependencies = (
			);
			name = CarReceiver;
			packageProductDependencies = (
				ACE95345285924920069C031 /* RxCocoa */,
				ACE95347285924920069C031 /* RxSwift */,
				ACE9534A285924AD0069C031 /* SnapKit */,
				ACE9534D285925070069C031 /* Then */,
				ACCD771A2872166B00376095 /* Swinject */,
				ACCD771D287218B500376095 /* SwinjectAutoregistration */,
			);
			productName = CarReceiver;
			productReference = ACE9532928591C210069C031 /* CarReceiver.app */;
			productType = "com.apple.product-type.application";
		};
/* End PBXNativeTarget section */

/* Begin PBXProject section */
		ACE9532128591C210069C031 /* Project object */ = {
			isa = PBXProject;
			attributes = {
				BuildIndependentTargetsInParallel = 1;
				LastSwiftUpdateCheck = 1330;
				LastUpgradeCheck = 1330;
				TargetAttributes = {
					ACE9532828591C210069C031 = {
						CreatedOnToolsVersion = 13.3.1;
					};
				};
			};
			buildConfigurationList = ACE9532428591C210069C031 /* Build configuration list for PBXProject "CarReceiver" */;
			compatibilityVersion = "Xcode 13.0";
			developmentRegion = en;
			hasScannedForEncodings = 0;
			knownRegions = (
				en,
				Base,
			);
			mainGroup = ACE9532028591C210069C031;
			packageReferences = (
				ACE95344285924920069C031 /* XCRemoteSwiftPackageReference "RxSwift" */,
				ACE95349285924AD0069C031 /* XCRemoteSwiftPackageReference "SnapKit" */,
				ACE9534C285925070069C031 /* XCRemoteSwiftPackageReference "Then" */,
				ACCD77192872166B00376095 /* XCRemoteSwiftPackageReference "Swinject" */,
				ACCD771C287218B500376095 /* XCRemoteSwiftPackageReference "SwinjectAutoregistration" */,
			);
			productRefGroup = ACE9532A28591C210069C031 /* Products */;
			projectDirPath = "";
			projectRoot = "";
			targets = (
				ACE9532828591C210069C031 /* CarReceiver */,
			);
		};
/* End PBXProject section */

/* Begin PBXResourcesBuildPhase section */
		ACE9532728591C210069C031 /* Resources */ = {
			isa = PBXResourcesBuildPhase;
			buildActionMask = 2147483647;
			files = (
				ACE9533928591C230069C031 /* LaunchScreen.storyboard in Resources */,
				AC9FBBDF285BAE79006AF720 /* Nunito-Bold.ttf in Resources */,
				AC9FBBE0285BAE7B006AF720 /* Nunito-Regular.ttf in Resources */,
				ACE9533628591C230069C031 /* Assets.xcassets in Resources */,
				AC9FBBE1285BAE7E006AF720 /* Nunito-SemiBold.ttf in Resources */,
				5CC59646285F547D0033CAE5 /* GoogleService-Info.plist in Resources */,
			);
			runOnlyForDeploymentPostprocessing = 0;
		};
/* End PBXResourcesBuildPhase section */

/* Begin PBXShellScriptBuildPhase section */
		539C6BF5E66582A3D72D67C7 /* [CP] Embed Pods Frameworks */ = {
			isa = PBXShellScriptBuildPhase;
			buildActionMask = 2147483647;
			files = (
			);
			inputFileListPaths = (
				"${PODS_ROOT}/Target Support Files/Pods-CarReceiver/Pods-CarReceiver-frameworks-${CONFIGURATION}-input-files.xcfilelist",
			);
			name = "[CP] Embed Pods Frameworks";
			outputFileListPaths = (
				"${PODS_ROOT}/Target Support Files/Pods-CarReceiver/Pods-CarReceiver-frameworks-${CONFIGURATION}-output-files.xcfilelist",
			);
			runOnlyForDeploymentPostprocessing = 0;
			shellPath = /bin/sh;
			shellScript = "\"${PODS_ROOT}/Target Support Files/Pods-CarReceiver/Pods-CarReceiver-frameworks.sh\"\n";
			showEnvVarsInLog = 0;
		};
		914BE0BC59CC977BF9DA825E /* [CP] Check Pods Manifest.lock */ = {
			isa = PBXShellScriptBuildPhase;
			buildActionMask = 2147483647;
			files = (
			);
			inputFileListPaths = (
			);
			inputPaths = (
				"${PODS_PODFILE_DIR_PATH}/Podfile.lock",
				"${PODS_ROOT}/Manifest.lock",
			);
			name = "[CP] Check Pods Manifest.lock";
			outputFileListPaths = (
			);
			outputPaths = (
				"$(DERIVED_FILE_DIR)/Pods-CarReceiver-checkManifestLockResult.txt",
			);
			runOnlyForDeploymentPostprocessing = 0;
			shellPath = /bin/sh;
			shellScript = "diff \"${PODS_PODFILE_DIR_PATH}/Podfile.lock\" \"${PODS_ROOT}/Manifest.lock\" > /dev/null\nif [ $? != 0 ] ; then\n    # print error to STDERR\n    echo \"error: The sandbox is not in sync with the Podfile.lock. Run 'pod install' or update your CocoaPods installation.\" >&2\n    exit 1\nfi\n# This output is used by Xcode 'outputs' to avoid re-running this script phase.\necho \"SUCCESS\" > \"${SCRIPT_OUTPUT_FILE_0}\"\n";
			showEnvVarsInLog = 0;
		};
		ACE9535B285930AD0069C031 /* R.Swift */ = {
			isa = PBXShellScriptBuildPhase;
			alwaysOutOfDate = 1;
			buildActionMask = 2147483647;
			files = (
			);
			inputFileListPaths = (
			);
			inputPaths = (
			);
			name = R.Swift;
			outputFileListPaths = (
			);
			outputPaths = (
				$SRCROOT/CarReceiver/Resources/Generated/R.generated.swift,
			);
			runOnlyForDeploymentPostprocessing = 0;
			shellPath = /bin/sh;
			shellScript = "\"$PODS_ROOT/R.swift/rswift\" generate \"$SRCROOT/CarReceiver/Resources/Generated/R.generated.swift\"\n";
		};
/* End PBXShellScriptBuildPhase section */

/* Begin PBXSourcesBuildPhase section */
		ACE9532528591C210069C031 /* Sources */ = {
			isa = PBXSourcesBuildPhase;
			buildActionMask = 2147483647;
			files = (
				ACCD770628719D0F00376095 /* InternalInspectionCarView.swift in Sources */,
				ACCD764F286257F100376095 /* DetailActViewController.swift in Sources */,
				5C54E6AA285F5C4D003FFCEF /* Validator.swift in Sources */,
				ACCD7718287215F300376095 /* AppContainer.swift in Sources */,
				ACCD767D286A3D0E00376095 /* CustomTransitionsAnimates.swift in Sources */,
				ACCD76342862560E00376095 /* MainTabBarController.swift in Sources */,
				ACCD76572862581300376095 /* SettingsView.swift in Sources */,
				ACCD763F286257A000376095 /* AllActsView.swift in Sources */,
				ACE9533128591C210069C031 /* LoginViewController.swift in Sources */,
				ACCD76EF287196DF00376095 /* CarInformationViewController.swift in Sources */,
				ACCD765C28625F5700376095 /* ResetPasswordViewController.swift in Sources */,
				ACE9532D28591C210069C031 /* AppDelegate.swift in Sources */,
				5C54E6A7285F5B44003FFCEF /* FirebaseManager.swift in Sources */,
				ACCD763D2862579400376095 /* AllActsViewController.swift in Sources */,
				ACCD760E285F9BC400376095 /* RegistrationViewController.swift in Sources */,
				ACCD7649286257D500376095 /* CustomerDataViewController.swift in Sources */,
				ACCD76152860E3D400376095 /* BaseViewController.swift in Sources */,
				ACCD764B286257DE00376095 /* CustomerDataView.swift in Sources */,
				AC9FBBDA285BA58C006AF720 /* CustomTextField.swift in Sources */,
				ACCD76F1287196E500376095 /* CarInformationView.swift in Sources */,
				ACCD7645286257C100376095 /* FavoriteActsView.swift in Sources */,
				ACCD770B28719D4400376095 /* FinishNewActViewController.swift in Sources */,
				ACCD765E28625F5D00376095 /* ResetPasswordView.swift in Sources */,
				ACCD770428719D0A00376095 /* InternalInspectionCarViewController.swift in Sources */,
				ACCD761B2860F05700376095 /* RegistrationView.swift in Sources */,
				ACCD76FD28719CA600376095 /* DetailVisualInspectionCarViewController.swift in Sources */,
				ACE953602859333A0069C031 /* R.generated.swift in Sources */,
				ACCD77132871B55300376095 /* CustomTextLabel.swift in Sources */,
				AC9FBBCC285A7326006AF720 /* LoginViewModel.swift in Sources */,
				ACCD76FF28719CAC00376095 /* DetailVisualInspectionCarView.swift in Sources */,
				ACCD7643286257BA00376095 /* FavoriteActsViewController.swift in Sources */,
				ACCD76192860EBC300376095 /* BaseView.swift in Sources */,
				ACCD76F828719C5F00376095 /* VisualInspectionCarView.swift in Sources */,
				ACCD7716287210DC00376095 /* UINavigationController+Extension.swift in Sources */,
				5C54E6AD285F5DC9003FFCEF /* Errors.swift in Sources */,
				ACCD7651286257F600376095 /* DetailActView.swift in Sources */,
				ACCD770D28719D4B00376095 /* FinishNewActView.swift in Sources */,
				ACCD761E2860F76F00376095 /* LoginView.swift in Sources */,
				ACCD76F628719C5600376095 /* VisualInspectionCarViewController.swift in Sources */,
				ACE9532F28591C210069C031 /* SceneDelegate.swift in Sources */,
				ACCD767F286A3D5600376095 /* CustomTransitionsDelegate.swift in Sources */,
				ACCD77112871A71200376095 /* NextStepButton.swift in Sources */,
				ACCD76552862580D00376095 /* SettingsViewController.swift in Sources */,
			);
			runOnlyForDeploymentPostprocessing = 0;
		};
/* End PBXSourcesBuildPhase section */

/* Begin PBXVariantGroup section */
		ACE9533728591C230069C031 /* LaunchScreen.storyboard */ = {
			isa = PBXVariantGroup;
			children = (
				ACE9533828591C230069C031 /* Base */,
			);
			name = LaunchScreen.storyboard;
			sourceTree = "<group>";
		};
/* End PBXVariantGroup section */

/* Begin XCBuildConfiguration section */
		ACE9533B28591C230069C031 /* Debug */ = {
			isa = XCBuildConfiguration;
			buildSettings = {
				ALWAYS_SEARCH_USER_PATHS = NO;
				CLANG_ANALYZER_NONNULL = YES;
				CLANG_ANALYZER_NUMBER_OBJECT_CONVERSION = YES_AGGRESSIVE;
				CLANG_CXX_LANGUAGE_STANDARD = "gnu++17";
				CLANG_ENABLE_MODULES = YES;
				CLANG_ENABLE_OBJC_ARC = YES;
				CLANG_ENABLE_OBJC_WEAK = YES;
				CLANG_WARN_BLOCK_CAPTURE_AUTORELEASING = YES;
				CLANG_WARN_BOOL_CONVERSION = YES;
				CLANG_WARN_COMMA = YES;
				CLANG_WARN_CONSTANT_CONVERSION = YES;
				CLANG_WARN_DEPRECATED_OBJC_IMPLEMENTATIONS = YES;
				CLANG_WARN_DIRECT_OBJC_ISA_USAGE = YES_ERROR;
				CLANG_WARN_DOCUMENTATION_COMMENTS = YES;
				CLANG_WARN_EMPTY_BODY = YES;
				CLANG_WARN_ENUM_CONVERSION = YES;
				CLANG_WARN_INFINITE_RECURSION = YES;
				CLANG_WARN_INT_CONVERSION = YES;
				CLANG_WARN_NON_LITERAL_NULL_CONVERSION = YES;
				CLANG_WARN_OBJC_IMPLICIT_RETAIN_SELF = YES;
				CLANG_WARN_OBJC_LITERAL_CONVERSION = YES;
				CLANG_WARN_OBJC_ROOT_CLASS = YES_ERROR;
				CLANG_WARN_QUOTED_INCLUDE_IN_FRAMEWORK_HEADER = YES;
				CLANG_WARN_RANGE_LOOP_ANALYSIS = YES;
				CLANG_WARN_STRICT_PROTOTYPES = YES;
				CLANG_WARN_SUSPICIOUS_MOVE = YES;
				CLANG_WARN_UNGUARDED_AVAILABILITY = YES_AGGRESSIVE;
				CLANG_WARN_UNREACHABLE_CODE = YES;
				CLANG_WARN__DUPLICATE_METHOD_MATCH = YES;
				COPY_PHASE_STRIP = NO;
				DEBUG_INFORMATION_FORMAT = dwarf;
				ENABLE_STRICT_OBJC_MSGSEND = YES;
				ENABLE_TESTABILITY = YES;
				GCC_C_LANGUAGE_STANDARD = gnu11;
				GCC_DYNAMIC_NO_PIC = NO;
				GCC_NO_COMMON_BLOCKS = YES;
				GCC_OPTIMIZATION_LEVEL = 0;
				GCC_PREPROCESSOR_DEFINITIONS = (
					"DEBUG=1",
					"$(inherited)",
				);
				GCC_WARN_64_TO_32_BIT_CONVERSION = YES;
				GCC_WARN_ABOUT_RETURN_TYPE = YES_ERROR;
				GCC_WARN_UNDECLARED_SELECTOR = YES;
				GCC_WARN_UNINITIALIZED_AUTOS = YES_AGGRESSIVE;
				GCC_WARN_UNUSED_FUNCTION = YES;
				GCC_WARN_UNUSED_VARIABLE = YES;
				IPHONEOS_DEPLOYMENT_TARGET = 14.0;
				MTL_ENABLE_DEBUG_INFO = INCLUDE_SOURCE;
				MTL_FAST_MATH = YES;
				ONLY_ACTIVE_ARCH = YES;
				SDKROOT = iphoneos;
				SWIFT_ACTIVE_COMPILATION_CONDITIONS = DEBUG;
				SWIFT_OPTIMIZATION_LEVEL = "-Onone";
			};
			name = Debug;
		};
		ACE9533C28591C230069C031 /* Release */ = {
			isa = XCBuildConfiguration;
			buildSettings = {
				ALWAYS_SEARCH_USER_PATHS = NO;
				CLANG_ANALYZER_NONNULL = YES;
				CLANG_ANALYZER_NUMBER_OBJECT_CONVERSION = YES_AGGRESSIVE;
				CLANG_CXX_LANGUAGE_STANDARD = "gnu++17";
				CLANG_ENABLE_MODULES = YES;
				CLANG_ENABLE_OBJC_ARC = YES;
				CLANG_ENABLE_OBJC_WEAK = YES;
				CLANG_WARN_BLOCK_CAPTURE_AUTORELEASING = YES;
				CLANG_WARN_BOOL_CONVERSION = YES;
				CLANG_WARN_COMMA = YES;
				CLANG_WARN_CONSTANT_CONVERSION = YES;
				CLANG_WARN_DEPRECATED_OBJC_IMPLEMENTATIONS = YES;
				CLANG_WARN_DIRECT_OBJC_ISA_USAGE = YES_ERROR;
				CLANG_WARN_DOCUMENTATION_COMMENTS = YES;
				CLANG_WARN_EMPTY_BODY = YES;
				CLANG_WARN_ENUM_CONVERSION = YES;
				CLANG_WARN_INFINITE_RECURSION = YES;
				CLANG_WARN_INT_CONVERSION = YES;
				CLANG_WARN_NON_LITERAL_NULL_CONVERSION = YES;
				CLANG_WARN_OBJC_IMPLICIT_RETAIN_SELF = YES;
				CLANG_WARN_OBJC_LITERAL_CONVERSION = YES;
				CLANG_WARN_OBJC_ROOT_CLASS = YES_ERROR;
				CLANG_WARN_QUOTED_INCLUDE_IN_FRAMEWORK_HEADER = YES;
				CLANG_WARN_RANGE_LOOP_ANALYSIS = YES;
				CLANG_WARN_STRICT_PROTOTYPES = YES;
				CLANG_WARN_SUSPICIOUS_MOVE = YES;
				CLANG_WARN_UNGUARDED_AVAILABILITY = YES_AGGRESSIVE;
				CLANG_WARN_UNREACHABLE_CODE = YES;
				CLANG_WARN__DUPLICATE_METHOD_MATCH = YES;
				COPY_PHASE_STRIP = NO;
				DEBUG_INFORMATION_FORMAT = "dwarf-with-dsym";
				ENABLE_NS_ASSERTIONS = NO;
				ENABLE_STRICT_OBJC_MSGSEND = YES;
				GCC_C_LANGUAGE_STANDARD = gnu11;
				GCC_NO_COMMON_BLOCKS = YES;
				GCC_WARN_64_TO_32_BIT_CONVERSION = YES;
				GCC_WARN_ABOUT_RETURN_TYPE = YES_ERROR;
				GCC_WARN_UNDECLARED_SELECTOR = YES;
				GCC_WARN_UNINITIALIZED_AUTOS = YES_AGGRESSIVE;
				GCC_WARN_UNUSED_FUNCTION = YES;
				GCC_WARN_UNUSED_VARIABLE = YES;
				IPHONEOS_DEPLOYMENT_TARGET = 14.0;
				MTL_ENABLE_DEBUG_INFO = NO;
				MTL_FAST_MATH = YES;
				SDKROOT = iphoneos;
				SWIFT_COMPILATION_MODE = wholemodule;
				SWIFT_OPTIMIZATION_LEVEL = "-O";
				VALIDATE_PRODUCT = YES;
			};
			name = Release;
		};
		ACE9533E28591C230069C031 /* Debug */ = {
			isa = XCBuildConfiguration;
			baseConfigurationReference = 7F9FB5ECD1D8248C5D1A2A55 /* Pods-CarReceiver.debug.xcconfig */;
			buildSettings = {
				ASSETCATALOG_COMPILER_APPICON_NAME = AppIcon;
				ASSETCATALOG_COMPILER_GLOBAL_ACCENT_COLOR_NAME = AccentColor;
				CODE_SIGN_STYLE = Automatic;
				CURRENT_PROJECT_VERSION = 1;
				DEVELOPMENT_TEAM = 8F65V3YM64;
				GENERATE_INFOPLIST_FILE = YES;
				INFOPLIST_FILE = CarReceiver/App/Settings/Info.plist;
				INFOPLIST_KEY_CFBundleDisplayName = CarReceiver;
				INFOPLIST_KEY_UIApplicationSupportsIndirectInputEvents = YES;
				INFOPLIST_KEY_UILaunchStoryboardName = LaunchScreen;
				INFOPLIST_KEY_UISupportedInterfaceOrientations = UIInterfaceOrientationPortrait;
				INFOPLIST_KEY_UISupportedInterfaceOrientations_iPad = "UIInterfaceOrientationPortrait UIInterfaceOrientationPortraitUpsideDown UIInterfaceOrientationLandscapeLeft UIInterfaceOrientationLandscapeRight";
				INFOPLIST_KEY_UISupportedInterfaceOrientations_iPhone = "UIInterfaceOrientationPortrait UIInterfaceOrientationLandscapeLeft UIInterfaceOrientationLandscapeRight";
				LD_RUNPATH_SEARCH_PATHS = (
					"$(inherited)",
					"@executable_path/Frameworks",
				);
				MARKETING_VERSION = 1.0;
				PRODUCT_BUNDLE_IDENTIFIER = com.myCarReceiver1Build;
				PRODUCT_NAME = "$(TARGET_NAME)";
				SWIFT_EMIT_LOC_STRINGS = YES;
				SWIFT_VERSION = 5.0;
				TARGETED_DEVICE_FAMILY = "1,2";
			};
			name = Debug;
		};
		ACE9533F28591C230069C031 /* Release */ = {
			isa = XCBuildConfiguration;
			baseConfigurationReference = 37E758E1AFD4F7F8A164197B /* Pods-CarReceiver.release.xcconfig */;
			buildSettings = {
				ASSETCATALOG_COMPILER_APPICON_NAME = AppIcon;
				ASSETCATALOG_COMPILER_GLOBAL_ACCENT_COLOR_NAME = AccentColor;
				CODE_SIGN_STYLE = Automatic;
				CURRENT_PROJECT_VERSION = 1;
				DEVELOPMENT_TEAM = JC5G892K3F;
				GENERATE_INFOPLIST_FILE = YES;
				INFOPLIST_FILE = CarReceiver/App/Settings/Info.plist;
				INFOPLIST_KEY_CFBundleDisplayName = CarReceiver;
				INFOPLIST_KEY_UIApplicationSupportsIndirectInputEvents = YES;
				INFOPLIST_KEY_UILaunchStoryboardName = LaunchScreen;
				INFOPLIST_KEY_UISupportedInterfaceOrientations = UIInterfaceOrientationPortrait;
				INFOPLIST_KEY_UISupportedInterfaceOrientations_iPad = "UIInterfaceOrientationPortrait UIInterfaceOrientationPortraitUpsideDown UIInterfaceOrientationLandscapeLeft UIInterfaceOrientationLandscapeRight";
				INFOPLIST_KEY_UISupportedInterfaceOrientations_iPhone = "UIInterfaceOrientationPortrait UIInterfaceOrientationLandscapeLeft UIInterfaceOrientationLandscapeRight";
				LD_RUNPATH_SEARCH_PATHS = (
					"$(inherited)",
					"@executable_path/Frameworks",
				);
				MARKETING_VERSION = 1.0;
				PRODUCT_BUNDLE_IDENTIFIER = com.myCarReceiver1Build;
				PRODUCT_NAME = "$(TARGET_NAME)";
				SWIFT_EMIT_LOC_STRINGS = YES;
				SWIFT_VERSION = 5.0;
				TARGETED_DEVICE_FAMILY = "1,2";
			};
			name = Release;
		};
/* End XCBuildConfiguration section */

/* Begin XCConfigurationList section */
		ACE9532428591C210069C031 /* Build configuration list for PBXProject "CarReceiver" */ = {
			isa = XCConfigurationList;
			buildConfigurations = (
				ACE9533B28591C230069C031 /* Debug */,
				ACE9533C28591C230069C031 /* Release */,
			);
			defaultConfigurationIsVisible = 0;
			defaultConfigurationName = Release;
		};
		ACE9533D28591C230069C031 /* Build configuration list for PBXNativeTarget "CarReceiver" */ = {
			isa = XCConfigurationList;
			buildConfigurations = (
				ACE9533E28591C230069C031 /* Debug */,
				ACE9533F28591C230069C031 /* Release */,
			);
			defaultConfigurationIsVisible = 0;
			defaultConfigurationName = Release;
		};
/* End XCConfigurationList section */

/* Begin XCRemoteSwiftPackageReference section */
		ACCD77192872166B00376095 /* XCRemoteSwiftPackageReference "Swinject" */ = {
			isa = XCRemoteSwiftPackageReference;
			repositoryURL = "https://github.com/Swinject/Swinject";
			requirement = {
				kind = exactVersion;
				version = 2.8.1;
			};
		};
		ACCD771C287218B500376095 /* XCRemoteSwiftPackageReference "SwinjectAutoregistration" */ = {
			isa = XCRemoteSwiftPackageReference;
			repositoryURL = "https://github.com/Swinject/SwinjectAutoregistration.git";
			requirement = {
				kind = exactVersion;
				version = 2.8.1;
			};
		};
		ACE95344285924920069C031 /* XCRemoteSwiftPackageReference "RxSwift" */ = {
			isa = XCRemoteSwiftPackageReference;
			repositoryURL = "https://github.com/ReactiveX/RxSwift";
			requirement = {
				kind = upToNextMajorVersion;
				minimumVersion = 6.0.0;
			};
		};
		ACE95349285924AD0069C031 /* XCRemoteSwiftPackageReference "SnapKit" */ = {
			isa = XCRemoteSwiftPackageReference;
			repositoryURL = "https://github.com/SnapKit/SnapKit";
			requirement = {
				kind = upToNextMajorVersion;
				minimumVersion = 5.0.0;
			};
		};
		ACE9534C285925070069C031 /* XCRemoteSwiftPackageReference "Then" */ = {
			isa = XCRemoteSwiftPackageReference;
			repositoryURL = "https://github.com/devxoul/Then";
			requirement = {
				kind = upToNextMajorVersion;
				minimumVersion = 3.0.0;
			};
		};
/* End XCRemoteSwiftPackageReference section */

/* Begin XCSwiftPackageProductDependency section */
		ACCD771A2872166B00376095 /* Swinject */ = {
			isa = XCSwiftPackageProductDependency;
			package = ACCD77192872166B00376095 /* XCRemoteSwiftPackageReference "Swinject" */;
			productName = Swinject;
		};
		ACCD771D287218B500376095 /* SwinjectAutoregistration */ = {
			isa = XCSwiftPackageProductDependency;
			package = ACCD771C287218B500376095 /* XCRemoteSwiftPackageReference "SwinjectAutoregistration" */;
			productName = SwinjectAutoregistration;
		};
		ACE95345285924920069C031 /* RxCocoa */ = {
			isa = XCSwiftPackageProductDependency;
			package = ACE95344285924920069C031 /* XCRemoteSwiftPackageReference "RxSwift" */;
			productName = RxCocoa;
		};
		ACE95347285924920069C031 /* RxSwift */ = {
			isa = XCSwiftPackageProductDependency;
			package = ACE95344285924920069C031 /* XCRemoteSwiftPackageReference "RxSwift" */;
			productName = RxSwift;
		};
		ACE9534A285924AD0069C031 /* SnapKit */ = {
			isa = XCSwiftPackageProductDependency;
			package = ACE95349285924AD0069C031 /* XCRemoteSwiftPackageReference "SnapKit" */;
			productName = SnapKit;
		};
		ACE9534D285925070069C031 /* Then */ = {
			isa = XCSwiftPackageProductDependency;
			package = ACE9534C285925070069C031 /* XCRemoteSwiftPackageReference "Then" */;
			productName = Then;
		};
/* End XCSwiftPackageProductDependency section */
	};
	rootObject = ACE9532128591C210069C031 /* Project object */;
}
