// !$*UTF8*$!
{
	archiveVersion = 1;
	classes = {
	};
	objectVersion = 55;
	objects = {

/* Begin PBXBuildFile section */
		5AC9EF35DE83FCB256C0FF8A /* Pods_CarReceiver.framework in Frameworks */ = {isa = PBXBuildFile; fileRef = 2208AAF5ECA7E201C4532880 /* Pods_CarReceiver.framework */; };
		5C54E6A7285F5B44003FFCEF /* FirebaseManager.swift in Sources */ = {isa = PBXBuildFile; fileRef = 5C54E6A6285F5B44003FFCEF /* FirebaseManager.swift */; };
		5C54E6AA285F5C4D003FFCEF /* Validator.swift in Sources */ = {isa = PBXBuildFile; fileRef = 5C54E6A9285F5C4D003FFCEF /* Validator.swift */; };
		5C54E6AD285F5DC9003FFCEF /* Errors.swift in Sources */ = {isa = PBXBuildFile; fileRef = 5C54E6AC285F5DC9003FFCEF /* Errors.swift */; };
		5CC59646285F547D0033CAE5 /* GoogleService-Info.plist in Resources */ = {isa = PBXBuildFile; fileRef = 5CC59645285F547D0033CAE5 /* GoogleService-Info.plist */; };
		AC9FBBCC285A7326006AF720 /* LoginViewModel.swift in Sources */ = {isa = PBXBuildFile; fileRef = AC9FBBCB285A7326006AF720 /* LoginViewModel.swift */; };
		AC9FBBDA285BA58C006AF720 /* CustomTextField.swift in Sources */ = {isa = PBXBuildFile; fileRef = AC9FBBD9285BA58C006AF720 /* CustomTextField.swift */; };
		AC9FBBDF285BAE79006AF720 /* Nunito-Bold.ttf in Resources */ = {isa = PBXBuildFile; fileRef = AC9FBBDD285BAE0A006AF720 /* Nunito-Bold.ttf */; };
		AC9FBBE0285BAE7B006AF720 /* Nunito-Regular.ttf in Resources */ = {isa = PBXBuildFile; fileRef = AC9FBBDC285BAE0A006AF720 /* Nunito-Regular.ttf */; };
		AC9FBBE1285BAE7E006AF720 /* Nunito-SemiBold.ttf in Resources */ = {isa = PBXBuildFile; fileRef = AC9FBBDE285BAE0A006AF720 /* Nunito-SemiBold.ttf */; };
		ACCD760E285F9BC400376095 /* RegistrationViewController.swift in Sources */ = {isa = PBXBuildFile; fileRef = ACCD760D285F9BC400376095 /* RegistrationViewController.swift */; };
		ACCD7611285F9E4800376095 /* StartViewController.swift in Sources */ = {isa = PBXBuildFile; fileRef = ACCD7610285F9E4800376095 /* StartViewController.swift */; };
		ACE9532D28591C210069C031 /* AppDelegate.swift in Sources */ = {isa = PBXBuildFile; fileRef = ACE9532C28591C210069C031 /* AppDelegate.swift */; };
		ACE9532F28591C210069C031 /* SceneDelegate.swift in Sources */ = {isa = PBXBuildFile; fileRef = ACE9532E28591C210069C031 /* SceneDelegate.swift */; };
		ACE9533128591C210069C031 /* LoginViewController.swift in Sources */ = {isa = PBXBuildFile; fileRef = ACE9533028591C210069C031 /* LoginViewController.swift */; };
		ACE9533628591C230069C031 /* Assets.xcassets in Resources */ = {isa = PBXBuildFile; fileRef = ACE9533528591C230069C031 /* Assets.xcassets */; };
		ACE9533928591C230069C031 /* LaunchScreen.storyboard in Resources */ = {isa = PBXBuildFile; fileRef = ACE9533728591C230069C031 /* LaunchScreen.storyboard */; };
		ACE95346285924920069C031 /* RxCocoa in Frameworks */ = {isa = PBXBuildFile; productRef = ACE95345285924920069C031 /* RxCocoa */; };
		ACE95348285924920069C031 /* RxSwift in Frameworks */ = {isa = PBXBuildFile; productRef = ACE95347285924920069C031 /* RxSwift */; };
		ACE9534B285924AD0069C031 /* SnapKit in Frameworks */ = {isa = PBXBuildFile; productRef = ACE9534A285924AD0069C031 /* SnapKit */; };
		ACE9534E285925070069C031 /* Then in Frameworks */ = {isa = PBXBuildFile; productRef = ACE9534D285925070069C031 /* Then */; };
		ACE953602859333A0069C031 /* R.generated.swift in Sources */ = {isa = PBXBuildFile; fileRef = ACE9535F2859333A0069C031 /* R.generated.swift */; };
/* End PBXBuildFile section */

/* Begin PBXFileReference section */
		2208AAF5ECA7E201C4532880 /* Pods_CarReceiver.framework */ = {isa = PBXFileReference; explicitFileType = wrapper.framework; includeInIndex = 0; path = Pods_CarReceiver.framework; sourceTree = BUILT_PRODUCTS_DIR; };
		37E758E1AFD4F7F8A164197B /* Pods-CarReceiver.release.xcconfig */ = {isa = PBXFileReference; includeInIndex = 1; lastKnownFileType = text.xcconfig; name = "Pods-CarReceiver.release.xcconfig"; path = "Target Support Files/Pods-CarReceiver/Pods-CarReceiver.release.xcconfig"; sourceTree = "<group>"; };
		5C54E6A6285F5B44003FFCEF /* FirebaseManager.swift */ = {isa = PBXFileReference; lastKnownFileType = sourcecode.swift; path = FirebaseManager.swift; sourceTree = "<group>"; };
		5C54E6A9285F5C4D003FFCEF /* Validator.swift */ = {isa = PBXFileReference; lastKnownFileType = sourcecode.swift; path = Validator.swift; sourceTree = "<group>"; };
		5C54E6AC285F5DC9003FFCEF /* Errors.swift */ = {isa = PBXFileReference; lastKnownFileType = sourcecode.swift; path = Errors.swift; sourceTree = "<group>"; };
		5CC59645285F547D0033CAE5 /* GoogleService-Info.plist */ = {isa = PBXFileReference; fileEncoding = 4; lastKnownFileType = text.plist.xml; path = "GoogleService-Info.plist"; sourceTree = "<group>"; };
		7F9FB5ECD1D8248C5D1A2A55 /* Pods-CarReceiver.debug.xcconfig */ = {isa = PBXFileReference; includeInIndex = 1; lastKnownFileType = text.xcconfig; name = "Pods-CarReceiver.debug.xcconfig"; path = "Target Support Files/Pods-CarReceiver/Pods-CarReceiver.debug.xcconfig"; sourceTree = "<group>"; };
		AC9FBBCB285A7326006AF720 /* LoginViewModel.swift */ = {isa = PBXFileReference; lastKnownFileType = sourcecode.swift; path = LoginViewModel.swift; sourceTree = "<group>"; };
		AC9FBBD9285BA58C006AF720 /* CustomTextField.swift */ = {isa = PBXFileReference; lastKnownFileType = sourcecode.swift; path = CustomTextField.swift; sourceTree = "<group>"; };
		AC9FBBDC285BAE0A006AF720 /* Nunito-Regular.ttf */ = {isa = PBXFileReference; lastKnownFileType = file; path = "Nunito-Regular.ttf"; sourceTree = "<group>"; };
		AC9FBBDD285BAE0A006AF720 /* Nunito-Bold.ttf */ = {isa = PBXFileReference; lastKnownFileType = file; path = "Nunito-Bold.ttf"; sourceTree = "<group>"; };
		AC9FBBDE285BAE0A006AF720 /* Nunito-SemiBold.ttf */ = {isa = PBXFileReference; lastKnownFileType = file; path = "Nunito-SemiBold.ttf"; sourceTree = "<group>"; };
		ACCD760D285F9BC400376095 /* RegistrationViewController.swift */ = {isa = PBXFileReference; lastKnownFileType = sourcecode.swift; path = RegistrationViewController.swift; sourceTree = "<group>"; };
		ACCD7610285F9E4800376095 /* StartViewController.swift */ = {isa = PBXFileReference; lastKnownFileType = sourcecode.swift; path = StartViewController.swift; sourceTree = "<group>"; };
		ACE9532928591C210069C031 /* CarReceiver.app */ = {isa = PBXFileReference; explicitFileType = wrapper.application; includeInIndex = 0; path = CarReceiver.app; sourceTree = BUILT_PRODUCTS_DIR; };
		ACE9532C28591C210069C031 /* AppDelegate.swift */ = {isa = PBXFileReference; lastKnownFileType = sourcecode.swift; path = AppDelegate.swift; sourceTree = "<group>"; };
		ACE9532E28591C210069C031 /* SceneDelegate.swift */ = {isa = PBXFileReference; lastKnownFileType = sourcecode.swift; path = SceneDelegate.swift; sourceTree = "<group>"; };
		ACE9533028591C210069C031 /* LoginViewController.swift */ = {isa = PBXFileReference; lastKnownFileType = sourcecode.swift; path = LoginViewController.swift; sourceTree = "<group>"; };
		ACE9533528591C230069C031 /* Assets.xcassets */ = {isa = PBXFileReference; lastKnownFileType = folder.assetcatalog; path = Assets.xcassets; sourceTree = "<group>"; };
		ACE9533828591C230069C031 /* Base */ = {isa = PBXFileReference; lastKnownFileType = file.storyboard; name = Base; path = Base.lproj/LaunchScreen.storyboard; sourceTree = "<group>"; };
		ACE9533A28591C230069C031 /* Info.plist */ = {isa = PBXFileReference; lastKnownFileType = text.plist.xml; path = Info.plist; sourceTree = "<group>"; };
		ACE9535F2859333A0069C031 /* R.generated.swift */ = {isa = PBXFileReference; fileEncoding = 4; lastKnownFileType = sourcecode.swift; path = R.generated.swift; sourceTree = "<group>"; };
/* End PBXFileReference section */

/* Begin PBXFrameworksBuildPhase section */
		ACE9532628591C210069C031 /* Frameworks */ = {
			isa = PBXFrameworksBuildPhase;
			buildActionMask = 2147483647;
			files = (
				ACE9534B285924AD0069C031 /* SnapKit in Frameworks */,
				ACE95348285924920069C031 /* RxSwift in Frameworks */,
				ACE95346285924920069C031 /* RxCocoa in Frameworks */,
				ACE9534E285925070069C031 /* Then in Frameworks */,
				5AC9EF35DE83FCB256C0FF8A /* Pods_CarReceiver.framework in Frameworks */,
			);
			runOnlyForDeploymentPostprocessing = 0;
		};
/* End PBXFrameworksBuildPhase section */

/* Begin PBXGroup section */
		38A3508D676F0E826A3A99A8 /* Pods */ = {
			isa = PBXGroup;
			children = (
				7F9FB5ECD1D8248C5D1A2A55 /* Pods-CarReceiver.debug.xcconfig */,
				37E758E1AFD4F7F8A164197B /* Pods-CarReceiver.release.xcconfig */,
			);
			path = Pods;
			sourceTree = "<group>";
		};
		5C54E6A8285F5C3C003FFCEF /* Services */ = {
			isa = PBXGroup;
			children = (
				5C54E6A6285F5B44003FFCEF /* FirebaseManager.swift */,
			);
			path = Services;
			sourceTree = "<group>";
		};
		5C54E6AB285F5C50003FFCEF /* Helpers */ = {
			isa = PBXGroup;
			children = (
				5C54E6A9285F5C4D003FFCEF /* Validator.swift */,
				5C54E6AC285F5DC9003FFCEF /* Errors.swift */,
			);
			path = Helpers;
			sourceTree = "<group>";
		};
		773A39BD963F2847599A144C /* Frameworks */ = {
			isa = PBXGroup;
			children = (
				2208AAF5ECA7E201C4532880 /* Pods_CarReceiver.framework */,
			);
			name = Frameworks;
			sourceTree = "<group>";
		};
		AC9FBBCD285A7330006AF720 /* Login */ = {
			isa = PBXGroup;
			children = (
				ACE9533028591C210069C031 /* LoginViewController.swift */,
				AC9FBBCB285A7326006AF720 /* LoginViewModel.swift */,
			);
			path = Login;
			sourceTree = "<group>";
		};
		AC9FBBD8285BA579006AF720 /* UIElements */ = {
			isa = PBXGroup;
			children = (
				AC9FBBD9285BA58C006AF720 /* CustomTextField.swift */,
			);
			path = UIElements;
			sourceTree = "<group>";
		};
		AC9FBBDB285BADB2006AF720 /* Font */ = {
			isa = PBXGroup;
			children = (
				AC9FBBDD285BAE0A006AF720 /* Nunito-Bold.ttf */,
				AC9FBBDC285BAE0A006AF720 /* Nunito-Regular.ttf */,
				AC9FBBDE285BAE0A006AF720 /* Nunito-SemiBold.ttf */,
			);
			path = Font;
			sourceTree = "<group>";
		};
		ACCD760C285F9BA600376095 /* Registration */ = {
			isa = PBXGroup;
			children = (
				ACCD760D285F9BC400376095 /* RegistrationViewController.swift */,
			);
			path = Registration;
			sourceTree = "<group>";
		};
		ACCD760F285F9E3700376095 /* Start */ = {
			isa = PBXGroup;
			children = (
				ACCD7610285F9E4800376095 /* StartViewController.swift */,
			);
			path = Start;
			sourceTree = "<group>";
		};
		ACE9532028591C210069C031 = {
			isa = PBXGroup;
			children = (
				ACE9532B28591C210069C031 /* CarReceiver */,
				ACE9532A28591C210069C031 /* Products */,
				38A3508D676F0E826A3A99A8 /* Pods */,
				773A39BD963F2847599A144C /* Frameworks */,
			);
			sourceTree = "<group>";
		};
		ACE9532A28591C210069C031 /* Products */ = {
			isa = PBXGroup;
			children = (
				ACE9532928591C210069C031 /* CarReceiver.app */,
			);
			name = Products;
			sourceTree = "<group>";
		};
		ACE9532B28591C210069C031 /* CarReceiver */ = {
			isa = PBXGroup;
			children = (
				5CC59645285F547D0033CAE5 /* GoogleService-Info.plist */,
				ACE9534228591EE20069C031 /* App */,
				ACE953612859A08D0069C031 /* Base+Extensions */,
				ACE9534328591EE80069C031 /* Scenes */,
				ACE9534128591EC90069C031 /* Resources */,
				5C54E6A8285F5C3C003FFCEF /* Services */,
				5C54E6AB285F5C50003FFCEF /* Helpers */,
			);
			path = CarReceiver;
			sourceTree = "<group>";
		};
		ACE9534128591EC90069C031 /* Resources */ = {
			isa = PBXGroup;
			children = (
				AC9FBBDB285BADB2006AF720 /* Font */,
				ACE9535C285933030069C031 /* Generated */,
				ACE9533528591C230069C031 /* Assets.xcassets */,
			);
			path = Resources;
			sourceTree = "<group>";
		};
		ACE9534228591EE20069C031 /* App */ = {
			isa = PBXGroup;
			children = (
				ACE9532C28591C210069C031 /* AppDelegate.swift */,
				ACE9532E28591C210069C031 /* SceneDelegate.swift */,
				ACE9533728591C230069C031 /* LaunchScreen.storyboard */,
				ACE9533A28591C230069C031 /* Info.plist */,
			);
			path = App;
			sourceTree = "<group>";
		};
		ACE9534328591EE80069C031 /* Scenes */ = {
			isa = PBXGroup;
			children = (
				ACCD760F285F9E3700376095 /* Start */,
				ACCD760C285F9BA600376095 /* Registration */,
				AC9FBBCD285A7330006AF720 /* Login */,
			);
			path = Scenes;
			sourceTree = "<group>";
		};
		ACE9535C285933030069C031 /* Generated */ = {
			isa = PBXGroup;
			children = (
				ACE9535F2859333A0069C031 /* R.generated.swift */,
			);
			path = Generated;
			sourceTree = "<group>";
		};
		ACE953612859A08D0069C031 /* Base+Extensions */ = {
			isa = PBXGroup;
			children = (
				AC9FBBD8285BA579006AF720 /* UIElements */,
			);
			path = "Base+Extensions";
			sourceTree = "<group>";
		};
/* End PBXGroup section */

/* Begin PBXNativeTarget section */
		ACE9532828591C210069C031 /* CarReceiver */ = {
			isa = PBXNativeTarget;
			buildConfigurationList = ACE9533D28591C230069C031 /* Build configuration list for PBXNativeTarget "CarReceiver" */;
			buildPhases = (
				914BE0BC59CC977BF9DA825E /* [CP] Check Pods Manifest.lock */,
				ACE9535B285930AD0069C031 /* R.Swift */,
				ACE9532528591C210069C031 /* Sources */,
				ACE9532628591C210069C031 /* Frameworks */,
				ACE9532728591C210069C031 /* Resources */,
				539C6BF5E66582A3D72D67C7 /* [CP] Embed Pods Frameworks */,
			);
			buildRules = (
			);
			dependencies = (
			);
			name = CarReceiver;
			packageProductDependencies = (
				ACE95345285924920069C031 /* RxCocoa */,
				ACE95347285924920069C031 /* RxSwift */,
				ACE9534A285924AD0069C031 /* SnapKit */,
				ACE9534D285925070069C031 /* Then */,
			);
			productName = CarReceiver;
			productReference = ACE9532928591C210069C031 /* CarReceiver.app */;
			productType = "com.apple.product-type.application";
		};
/* End PBXNativeTarget section */

/* Begin PBXProject section */
		ACE9532128591C210069C031 /* Project object */ = {
			isa = PBXProject;
			attributes = {
				BuildIndependentTargetsInParallel = 1;
				LastSwiftUpdateCheck = 1330;
				LastUpgradeCheck = 1330;
				TargetAttributes = {
					ACE9532828591C210069C031 = {
						CreatedOnToolsVersion = 13.3.1;
					};
				};
			};
			buildConfigurationList = ACE9532428591C210069C031 /* Build configuration list for PBXProject "CarReceiver" */;
			compatibilityVersion = "Xcode 13.0";
			developmentRegion = en;
			hasScannedForEncodings = 0;
			knownRegions = (
				en,
				Base,
			);
			mainGroup = ACE9532028591C210069C031;
			packageReferences = (
				ACE95344285924920069C031 /* XCRemoteSwiftPackageReference "RxSwift" */,
				ACE95349285924AD0069C031 /* XCRemoteSwiftPackageReference "SnapKit" */,
				ACE9534C285925070069C031 /* XCRemoteSwiftPackageReference "Then" */,
			);
			productRefGroup = ACE9532A28591C210069C031 /* Products */;
			projectDirPath = "";
			projectRoot = "";
			targets = (
				ACE9532828591C210069C031 /* CarReceiver */,
			);
		};
/* End PBXProject section */

/* Begin PBXResourcesBuildPhase section */
		ACE9532728591C210069C031 /* Resources */ = {
			isa = PBXResourcesBuildPhase;
			buildActionMask = 2147483647;
			files = (
				ACE9533928591C230069C031 /* LaunchScreen.storyboard in Resources */,
				AC9FBBDF285BAE79006AF720 /* Nunito-Bold.ttf in Resources */,
				AC9FBBE0285BAE7B006AF720 /* Nunito-Regular.ttf in Resources */,
				ACE9533628591C230069C031 /* Assets.xcassets in Resources */,
				AC9FBBE1285BAE7E006AF720 /* Nunito-SemiBold.ttf in Resources */,
				5CC59646285F547D0033CAE5 /* GoogleService-Info.plist in Resources */,
			);
			runOnlyForDeploymentPostprocessing = 0;
		};
/* End PBXResourcesBuildPhase section */

/* Begin PBXShellScriptBuildPhase section */
		539C6BF5E66582A3D72D67C7 /* [CP] Embed Pods Frameworks */ = {
			isa = PBXShellScriptBuildPhase;
			buildActionMask = 2147483647;
			files = (
			);
			inputFileListPaths = (
				"${PODS_ROOT}/Target Support Files/Pods-CarReceiver/Pods-CarReceiver-frameworks-${CONFIGURATION}-input-files.xcfilelist",
			);
			name = "[CP] Embed Pods Frameworks";
			outputFileListPaths = (
				"${PODS_ROOT}/Target Support Files/Pods-CarReceiver/Pods-CarReceiver-frameworks-${CONFIGURATION}-output-files.xcfilelist",
			);
			runOnlyForDeploymentPostprocessing = 0;
			shellPath = /bin/sh;
			shellScript = "\"${PODS_ROOT}/Target Support Files/Pods-CarReceiver/Pods-CarReceiver-frameworks.sh\"\n";
			showEnvVarsInLog = 0;
		};
		914BE0BC59CC977BF9DA825E /* [CP] Check Pods Manifest.lock */ = {
			isa = PBXShellScriptBuildPhase;
			buildActionMask = 2147483647;
			files = (
			);
			inputFileListPaths = (
			);
			inputPaths = (
				"${PODS_PODFILE_DIR_PATH}/Podfile.lock",
				"${PODS_ROOT}/Manifest.lock",
			);
			name = "[CP] Check Pods Manifest.lock";
			outputFileListPaths = (
			);
			outputPaths = (
				"$(DERIVED_FILE_DIR)/Pods-CarReceiver-checkManifestLockResult.txt",
			);
			runOnlyForDeploymentPostprocessing = 0;
			shellPath = /bin/sh;
			shellScript = "diff \"${PODS_PODFILE_DIR_PATH}/Podfile.lock\" \"${PODS_ROOT}/Manifest.lock\" > /dev/null\nif [ $? != 0 ] ; then\n    # print error to STDERR\n    echo \"error: The sandbox is not in sync with the Podfile.lock. Run 'pod install' or update your CocoaPods installation.\" >&2\n    exit 1\nfi\n# This output is used by Xcode 'outputs' to avoid re-running this script phase.\necho \"SUCCESS\" > \"${SCRIPT_OUTPUT_FILE_0}\"\n";
			showEnvVarsInLog = 0;
		};
		ACE9535B285930AD0069C031 /* R.Swift */ = {
			isa = PBXShellScriptBuildPhase;
			alwaysOutOfDate = 1;
			buildActionMask = 2147483647;
			files = (
			);
			inputFileListPaths = (
			);
			inputPaths = (
			);
			name = R.Swift;
			outputFileListPaths = (
			);
			outputPaths = (
				$SRCROOT/CarReceiver/Resources/Generated/R.generated.swift,
			);
			runOnlyForDeploymentPostprocessing = 0;
			shellPath = /bin/sh;
			shellScript = "\"$PODS_ROOT/R.swift/rswift\" generate \"$SRCROOT/CarReceiver/Resources/Generated/R.generated.swift\"\n";
		};
/* End PBXShellScriptBuildPhase section */

/* Begin PBXSourcesBuildPhase section */
		ACE9532528591C210069C031 /* Sources */ = {
			isa = PBXSourcesBuildPhase;
			buildActionMask = 2147483647;
			files = (
				5C54E6AA285F5C4D003FFCEF /* Validator.swift in Sources */,
				ACE9533128591C210069C031 /* LoginViewController.swift in Sources */,
				ACE9532D28591C210069C031 /* AppDelegate.swift in Sources */,
				5C54E6A7285F5B44003FFCEF /* FirebaseManager.swift in Sources */,
				ACCD760E285F9BC400376095 /* RegistrationViewController.swift in Sources */,
				ACCD7611285F9E4800376095 /* StartViewController.swift in Sources */,
				AC9FBBDA285BA58C006AF720 /* CustomTextField.swift in Sources */,
				ACE953602859333A0069C031 /* R.generated.swift in Sources */,
				AC9FBBCC285A7326006AF720 /* LoginViewModel.swift in Sources */,
				5C54E6AD285F5DC9003FFCEF /* Errors.swift in Sources */,
				ACE9532F28591C210069C031 /* SceneDelegate.swift in Sources */,
			);
			runOnlyForDeploymentPostprocessing = 0;
		};
/* End PBXSourcesBuildPhase section */

/* Begin PBXVariantGroup section */
		ACE9533728591C230069C031 /* LaunchScreen.storyboard */ = {
			isa = PBXVariantGroup;
			children = (
				ACE9533828591C230069C031 /* Base */,
			);
			name = LaunchScreen.storyboard;
			sourceTree = "<group>";
		};
/* End PBXVariantGroup section */

/* Begin XCBuildConfiguration section */
		ACE9533B28591C230069C031 /* Debug */ = {
			isa = XCBuildConfiguration;
			buildSettings = {
				ALWAYS_SEARCH_USER_PATHS = NO;
				CLANG_ANALYZER_NONNULL = YES;
				CLANG_ANALYZER_NUMBER_OBJECT_CONVERSION = YES_AGGRESSIVE;
				CLANG_CXX_LANGUAGE_STANDARD = "gnu++17";
				CLANG_ENABLE_MODULES = YES;
				CLANG_ENABLE_OBJC_ARC = YES;
				CLANG_ENABLE_OBJC_WEAK = YES;
				CLANG_WARN_BLOCK_CAPTURE_AUTORELEASING = YES;
				CLANG_WARN_BOOL_CONVERSION = YES;
				CLANG_WARN_COMMA = YES;
				CLANG_WARN_CONSTANT_CONVERSION = YES;
				CLANG_WARN_DEPRECATED_OBJC_IMPLEMENTATIONS = YES;
				CLANG_WARN_DIRECT_OBJC_ISA_USAGE = YES_ERROR;
				CLANG_WARN_DOCUMENTATION_COMMENTS = YES;
				CLANG_WARN_EMPTY_BODY = YES;
				CLANG_WARN_ENUM_CONVERSION = YES;
				CLANG_WARN_INFINITE_RECURSION = YES;
				CLANG_WARN_INT_CONVERSION = YES;
				CLANG_WARN_NON_LITERAL_NULL_CONVERSION = YES;
				CLANG_WARN_OBJC_IMPLICIT_RETAIN_SELF = YES;
				CLANG_WARN_OBJC_LITERAL_CONVERSION = YES;
				CLANG_WARN_OBJC_ROOT_CLASS = YES_ERROR;
				CLANG_WARN_QUOTED_INCLUDE_IN_FRAMEWORK_HEADER = YES;
				CLANG_WARN_RANGE_LOOP_ANALYSIS = YES;
				CLANG_WARN_STRICT_PROTOTYPES = YES;
				CLANG_WARN_SUSPICIOUS_MOVE = YES;
				CLANG_WARN_UNGUARDED_AVAILABILITY = YES_AGGRESSIVE;
				CLANG_WARN_UNREACHABLE_CODE = YES;
				CLANG_WARN__DUPLICATE_METHOD_MATCH = YES;
				COPY_PHASE_STRIP = NO;
				DEBUG_INFORMATION_FORMAT = dwarf;
				ENABLE_STRICT_OBJC_MSGSEND = YES;
				ENABLE_TESTABILITY = YES;
				GCC_C_LANGUAGE_STANDARD = gnu11;
				GCC_DYNAMIC_NO_PIC = NO;
				GCC_NO_COMMON_BLOCKS = YES;
				GCC_OPTIMIZATION_LEVEL = 0;
				GCC_PREPROCESSOR_DEFINITIONS = (
					"DEBUG=1",
					"$(inherited)",
				);
				GCC_WARN_64_TO_32_BIT_CONVERSION = YES;
				GCC_WARN_ABOUT_RETURN_TYPE = YES_ERROR;
				GCC_WARN_UNDECLARED_SELECTOR = YES;
				GCC_WARN_UNINITIALIZED_AUTOS = YES_AGGRESSIVE;
				GCC_WARN_UNUSED_FUNCTION = YES;
				GCC_WARN_UNUSED_VARIABLE = YES;
				IPHONEOS_DEPLOYMENT_TARGET = 14.0;
				MTL_ENABLE_DEBUG_INFO = INCLUDE_SOURCE;
				MTL_FAST_MATH = YES;
				ONLY_ACTIVE_ARCH = YES;
				SDKROOT = iphoneos;
				SWIFT_ACTIVE_COMPILATION_CONDITIONS = DEBUG;
				SWIFT_OPTIMIZATION_LEVEL = "-Onone";
			};
			name = Debug;
		};
		ACE9533C28591C230069C031 /* Release */ = {
			isa = XCBuildConfiguration;
			buildSettings = {
				ALWAYS_SEARCH_USER_PATHS = NO;
				CLANG_ANALYZER_NONNULL = YES;
				CLANG_ANALYZER_NUMBER_OBJECT_CONVERSION = YES_AGGRESSIVE;
				CLANG_CXX_LANGUAGE_STANDARD = "gnu++17";
				CLANG_ENABLE_MODULES = YES;
				CLANG_ENABLE_OBJC_ARC = YES;
				CLANG_ENABLE_OBJC_WEAK = YES;
				CLANG_WARN_BLOCK_CAPTURE_AUTORELEASING = YES;
				CLANG_WARN_BOOL_CONVERSION = YES;
				CLANG_WARN_COMMA = YES;
				CLANG_WARN_CONSTANT_CONVERSION = YES;
				CLANG_WARN_DEPRECATED_OBJC_IMPLEMENTATIONS = YES;
				CLANG_WARN_DIRECT_OBJC_ISA_USAGE = YES_ERROR;
				CLANG_WARN_DOCUMENTATION_COMMENTS = YES;
				CLANG_WARN_EMPTY_BODY = YES;
				CLANG_WARN_ENUM_CONVERSION = YES;
				CLANG_WARN_INFINITE_RECURSION = YES;
				CLANG_WARN_INT_CONVERSION = YES;
				CLANG_WARN_NON_LITERAL_NULL_CONVERSION = YES;
				CLANG_WARN_OBJC_IMPLICIT_RETAIN_SELF = YES;
				CLANG_WARN_OBJC_LITERAL_CONVERSION = YES;
				CLANG_WARN_OBJC_ROOT_CLASS = YES_ERROR;
				CLANG_WARN_QUOTED_INCLUDE_IN_FRAMEWORK_HEADER = YES;
				CLANG_WARN_RANGE_LOOP_ANALYSIS = YES;
				CLANG_WARN_STRICT_PROTOTYPES = YES;
				CLANG_WARN_SUSPICIOUS_MOVE = YES;
				CLANG_WARN_UNGUARDED_AVAILABILITY = YES_AGGRESSIVE;
				CLANG_WARN_UNREACHABLE_CODE = YES;
				CLANG_WARN__DUPLICATE_METHOD_MATCH = YES;
				COPY_PHASE_STRIP = NO;
				DEBUG_INFORMATION_FORMAT = "dwarf-with-dsym";
				ENABLE_NS_ASSERTIONS = NO;
				ENABLE_STRICT_OBJC_MSGSEND = YES;
				GCC_C_LANGUAGE_STANDARD = gnu11;
				GCC_NO_COMMON_BLOCKS = YES;
				GCC_WARN_64_TO_32_BIT_CONVERSION = YES;
				GCC_WARN_ABOUT_RETURN_TYPE = YES_ERROR;
				GCC_WARN_UNDECLARED_SELECTOR = YES;
				GCC_WARN_UNINITIALIZED_AUTOS = YES_AGGRESSIVE;
				GCC_WARN_UNUSED_FUNCTION = YES;
				GCC_WARN_UNUSED_VARIABLE = YES;
				IPHONEOS_DEPLOYMENT_TARGET = 14.0;
				MTL_ENABLE_DEBUG_INFO = NO;
				MTL_FAST_MATH = YES;
				SDKROOT = iphoneos;
				SWIFT_COMPILATION_MODE = wholemodule;
				SWIFT_OPTIMIZATION_LEVEL = "-O";
				VALIDATE_PRODUCT = YES;
			};
			name = Release;
		};
		ACE9533E28591C230069C031 /* Debug */ = {
			isa = XCBuildConfiguration;
			baseConfigurationReference = 7F9FB5ECD1D8248C5D1A2A55 /* Pods-CarReceiver.debug.xcconfig */;
			buildSettings = {
				ASSETCATALOG_COMPILER_APPICON_NAME = AppIcon;
				ASSETCATALOG_COMPILER_GLOBAL_ACCENT_COLOR_NAME = AccentColor;
				CODE_SIGN_STYLE = Automatic;
				CURRENT_PROJECT_VERSION = 1;
				DEVELOPMENT_TEAM = JC5G892K3F;
				GENERATE_INFOPLIST_FILE = YES;
				INFOPLIST_FILE = CarReceiver/App/Info.plist;
				INFOPLIST_KEY_CFBundleDisplayName = CarReceiver;
				INFOPLIST_KEY_UIApplicationSupportsIndirectInputEvents = YES;
				INFOPLIST_KEY_UILaunchStoryboardName = LaunchScreen;
				INFOPLIST_KEY_UISupportedInterfaceOrientations = UIInterfaceOrientationPortrait;
				INFOPLIST_KEY_UISupportedInterfaceOrientations_iPad = "UIInterfaceOrientationPortrait UIInterfaceOrientationPortraitUpsideDown UIInterfaceOrientationLandscapeLeft UIInterfaceOrientationLandscapeRight";
				INFOPLIST_KEY_UISupportedInterfaceOrientations_iPhone = "UIInterfaceOrientationPortrait UIInterfaceOrientationLandscapeLeft UIInterfaceOrientationLandscapeRight";
				LD_RUNPATH_SEARCH_PATHS = (
					"$(inherited)",
					"@executable_path/Frameworks",
				);
				MARKETING_VERSION = 1.0;
				PRODUCT_BUNDLE_IDENTIFIER = com.myCarReceiver1Build;
				PRODUCT_NAME = "$(TARGET_NAME)";
				SWIFT_EMIT_LOC_STRINGS = YES;
				SWIFT_VERSION = 5.0;
				TARGETED_DEVICE_FAMILY = "1,2";
			};
			name = Debug;
		};
		ACE9533F28591C230069C031 /* Release */ = {
			isa = XCBuildConfiguration;
			baseConfigurationReference = 37E758E1AFD4F7F8A164197B /* Pods-CarReceiver.release.xcconfig */;
			buildSettings = {
				ASSETCATALOG_COMPILER_APPICON_NAME = AppIcon;
				ASSETCATALOG_COMPILER_GLOBAL_ACCENT_COLOR_NAME = AccentColor;
				CODE_SIGN_STYLE = Automatic;
				CURRENT_PROJECT_VERSION = 1;
				DEVELOPMENT_TEAM = JC5G892K3F;
				GENERATE_INFOPLIST_FILE = YES;
				INFOPLIST_FILE = CarReceiver/App/Info.plist;
				INFOPLIST_KEY_CFBundleDisplayName = CarReceiver;
				INFOPLIST_KEY_UIApplicationSupportsIndirectInputEvents = YES;
				INFOPLIST_KEY_UILaunchStoryboardName = LaunchScreen;
				INFOPLIST_KEY_UISupportedInterfaceOrientations = UIInterfaceOrientationPortrait;
				INFOPLIST_KEY_UISupportedInterfaceOrientations_iPad = "UIInterfaceOrientationPortrait UIInterfaceOrientationPortraitUpsideDown UIInterfaceOrientationLandscapeLeft UIInterfaceOrientationLandscapeRight";
				INFOPLIST_KEY_UISupportedInterfaceOrientations_iPhone = "UIInterfaceOrientationPortrait UIInterfaceOrientationLandscapeLeft UIInterfaceOrientationLandscapeRight";
				LD_RUNPATH_SEARCH_PATHS = (
					"$(inherited)",
					"@executable_path/Frameworks",
				);
				MARKETING_VERSION = 1.0;
				PRODUCT_BUNDLE_IDENTIFIER = com.myCarReceiver1Build;
				PRODUCT_NAME = "$(TARGET_NAME)";
				SWIFT_EMIT_LOC_STRINGS = YES;
				SWIFT_VERSION = 5.0;
				TARGETED_DEVICE_FAMILY = "1,2";
			};
			name = Release;
		};
/* End XCBuildConfiguration section */

/* Begin XCConfigurationList section */
		ACE9532428591C210069C031 /* Build configuration list for PBXProject "CarReceiver" */ = {
			isa = XCConfigurationList;
			buildConfigurations = (
				ACE9533B28591C230069C031 /* Debug */,
				ACE9533C28591C230069C031 /* Release */,
			);
			defaultConfigurationIsVisible = 0;
			defaultConfigurationName = Release;
		};
		ACE9533D28591C230069C031 /* Build configuration list for PBXNativeTarget "CarReceiver" */ = {
			isa = XCConfigurationList;
			buildConfigurations = (
				ACE9533E28591C230069C031 /* Debug */,
				ACE9533F28591C230069C031 /* Release */,
			);
			defaultConfigurationIsVisible = 0;
			defaultConfigurationName = Release;
		};
/* End XCConfigurationList section */

/* Begin XCRemoteSwiftPackageReference section */
		ACE95344285924920069C031 /* XCRemoteSwiftPackageReference "RxSwift" */ = {
			isa = XCRemoteSwiftPackageReference;
			repositoryURL = "https://github.com/ReactiveX/RxSwift";
			requirement = {
				kind = upToNextMajorVersion;
				minimumVersion = 6.0.0;
			};
		};
		ACE95349285924AD0069C031 /* XCRemoteSwiftPackageReference "SnapKit" */ = {
			isa = XCRemoteSwiftPackageReference;
			repositoryURL = "https://github.com/SnapKit/SnapKit";
			requirement = {
				kind = upToNextMajorVersion;
				minimumVersion = 5.0.0;
			};
		};
		ACE9534C285925070069C031 /* XCRemoteSwiftPackageReference "Then" */ = {
			isa = XCRemoteSwiftPackageReference;
			repositoryURL = "https://github.com/devxoul/Then";
			requirement = {
				kind = upToNextMajorVersion;
				minimumVersion = 3.0.0;
			};
		};
/* End XCRemoteSwiftPackageReference section */

/* Begin XCSwiftPackageProductDependency section */
		ACE95345285924920069C031 /* RxCocoa */ = {
			isa = XCSwiftPackageProductDependency;
			package = ACE95344285924920069C031 /* XCRemoteSwiftPackageReference "RxSwift" */;
			productName = RxCocoa;
		};
		ACE95347285924920069C031 /* RxSwift */ = {
			isa = XCSwiftPackageProductDependency;
			package = ACE95344285924920069C031 /* XCRemoteSwiftPackageReference "RxSwift" */;
			productName = RxSwift;
		};
		ACE9534A285924AD0069C031 /* SnapKit */ = {
			isa = XCSwiftPackageProductDependency;
			package = ACE95349285924AD0069C031 /* XCRemoteSwiftPackageReference "SnapKit" */;
			productName = SnapKit;
		};
		ACE9534D285925070069C031 /* Then */ = {
			isa = XCSwiftPackageProductDependency;
			package = ACE9534C285925070069C031 /* XCRemoteSwiftPackageReference "Then" */;
			productName = Then;
		};
/* End XCSwiftPackageProductDependency section */
	};
	rootObject = ACE9532128591C210069C031 /* Project object */;
}
